// !$*UTF8*$!
{
	archiveVersion = 1;
	classes = {
	};
	objectVersion = 46;
	objects = {

/* Begin PBXAggregateTarget section */
		F5B4BB11AD0A015D53013CEB /* laserShotSynth - All */ = {
			isa = PBXAggregateTarget;
			buildConfigurationList = 343DED8003FA1430D593202C /* Build configuration list for PBXAggregateTarget "laserShotSynth - All" */;
			buildPhases = (
			);
			dependencies = (
				2F0D9DF62D9F72692FA50D6C /* PBXTargetDependency */,
				B2BCBAD1600F64EE114834CA /* PBXTargetDependency */,
				2A0328B5573DE824476CB0EE /* PBXTargetDependency */,
				0ACF3475B696873636A9B511 /* PBXTargetDependency */,
			);
			name = "laserShotSynth - All";
			productName = laserShotSynth;
		};
/* End PBXAggregateTarget section */

/* Begin PBXBuildFile section */
		0680739E275F88AF00090A67 /* RecentFilesMenuTemplate.nib in Resources */ = {isa = PBXBuildFile; fileRef = A8673D8F288716314961058F /* RecentFilesMenuTemplate.nib */; };
		0680739F275F88AF00090A67 /* Accelerate.framework in Frameworks */ = {isa = PBXBuildFile; fileRef = 968C39BD67E80D4F4D276C0F /* Accelerate.framework */; };
		068073A0275F88AF00090A67 /* AudioToolbox.framework in Frameworks */ = {isa = PBXBuildFile; fileRef = 8D0AF98A2993F4F5D11E889B /* AudioToolbox.framework */; };
		068073A1275F88AF00090A67 /* Carbon.framework in Frameworks */ = {isa = PBXBuildFile; fileRef = 9BBCADD69F5A3DE032F3F61A /* Carbon.framework */; };
		068073A2275F88AF00090A67 /* Cocoa.framework in Frameworks */ = {isa = PBXBuildFile; fileRef = D7A10B5BCDC9DA52744A765E /* Cocoa.framework */; };
		068073A3275F88AF00090A67 /* CoreAudio.framework in Frameworks */ = {isa = PBXBuildFile; fileRef = A84EB6E778587276D2533F0B /* CoreAudio.framework */; };
		068073A4275F88AF00090A67 /* CoreAudioKit.framework in Frameworks */ = {isa = PBXBuildFile; fileRef = 8AE0E0A228B1CC5BD812C7CC /* CoreAudioKit.framework */; };
		068073A5275F88AF00090A67 /* CoreMIDI.framework in Frameworks */ = {isa = PBXBuildFile; fileRef = 625DF2AE7D4E3C7763A931BB /* CoreMIDI.framework */; };
		068073A6275F88AF00090A67 /* DiscRecording.framework in Frameworks */ = {isa = PBXBuildFile; fileRef = 99246F73437358A7F8B72075 /* DiscRecording.framework */; };
		068073A7275F88AF00090A67 /* Foundation.framework in Frameworks */ = {isa = PBXBuildFile; fileRef = 11F5902C33761B95431C683B /* Foundation.framework */; };
		068073A8275F88AF00090A67 /* IOKit.framework in Frameworks */ = {isa = PBXBuildFile; fileRef = E142211052D03F318CBE90CA /* IOKit.framework */; };
		068073A9275F88AF00090A67 /* QuartzCore.framework in Frameworks */ = {isa = PBXBuildFile; fileRef = CAF480E828228AF20087A4BB /* QuartzCore.framework */; };
		068073AA275F88AF00090A67 /* WebKit.framework in Frameworks */ = {isa = PBXBuildFile; fileRef = 067543630D7CA784BF4D1DE4 /* WebKit.framework */; };
		068073AB275F88AF00090A67 /* RecentFilesMenuTemplate.nib in Resources */ = {isa = PBXBuildFile; fileRef = A8673D8F288716314961058F /* RecentFilesMenuTemplate.nib */; };
		068073AC275F88AF00090A67 /* Accelerate.framework in Frameworks */ = {isa = PBXBuildFile; fileRef = 968C39BD67E80D4F4D276C0F /* Accelerate.framework */; };
		068073AD275F88AF00090A67 /* AudioToolbox.framework in Frameworks */ = {isa = PBXBuildFile; fileRef = 8D0AF98A2993F4F5D11E889B /* AudioToolbox.framework */; };
		068073AE275F88AF00090A67 /* Carbon.framework in Frameworks */ = {isa = PBXBuildFile; fileRef = 9BBCADD69F5A3DE032F3F61A /* Carbon.framework */; };
		068073AF275F88AF00090A67 /* Cocoa.framework in Frameworks */ = {isa = PBXBuildFile; fileRef = D7A10B5BCDC9DA52744A765E /* Cocoa.framework */; };
		068073B0275F88AF00090A67 /* CoreAudio.framework in Frameworks */ = {isa = PBXBuildFile; fileRef = A84EB6E778587276D2533F0B /* CoreAudio.framework */; };
		068073B1275F88AF00090A67 /* CoreAudioKit.framework in Frameworks */ = {isa = PBXBuildFile; fileRef = 8AE0E0A228B1CC5BD812C7CC /* CoreAudioKit.framework */; };
		068073B2275F88AF00090A67 /* CoreMIDI.framework in Frameworks */ = {isa = PBXBuildFile; fileRef = 625DF2AE7D4E3C7763A931BB /* CoreMIDI.framework */; };
		068073B3275F88AF00090A67 /* DiscRecording.framework in Frameworks */ = {isa = PBXBuildFile; fileRef = 99246F73437358A7F8B72075 /* DiscRecording.framework */; };
		068073B4275F88AF00090A67 /* Foundation.framework in Frameworks */ = {isa = PBXBuildFile; fileRef = 11F5902C33761B95431C683B /* Foundation.framework */; };
		068073B5275F88AF00090A67 /* IOKit.framework in Frameworks */ = {isa = PBXBuildFile; fileRef = E142211052D03F318CBE90CA /* IOKit.framework */; };
		068073B6275F88AF00090A67 /* QuartzCore.framework in Frameworks */ = {isa = PBXBuildFile; fileRef = CAF480E828228AF20087A4BB /* QuartzCore.framework */; };
		068073B7275F88AF00090A67 /* WebKit.framework in Frameworks */ = {isa = PBXBuildFile; fileRef = 067543630D7CA784BF4D1DE4 /* WebKit.framework */; };
		0A89D73EB043BA985A21BCE9 /* include_juce_audio_plugin_client_Standalone.cpp in Sources */ = {isa = PBXBuildFile; fileRef = EBE28E09A7FE189DA9AF36AD /* include_juce_audio_plugin_client_Standalone.cpp */; };
		0AC89E96D49E3730FFCE7415 /* CoreAudio.framework in Frameworks */ = {isa = PBXBuildFile; fileRef = A84EB6E778587276D2533F0B /* CoreAudio.framework */; };
		0EE7E1A5B8260D65E99F0EB3 /* include_juce_audio_plugin_client_VST_utils.mm in Sources */ = {isa = PBXBuildFile; fileRef = 650D8C32074A189D996A4431 /* include_juce_audio_plugin_client_VST_utils.mm */; };
		1D6DE3BA10A366DE4B3C618F /* QuartzCore.framework in Frameworks */ = {isa = PBXBuildFile; fileRef = CAF480E828228AF20087A4BB /* QuartzCore.framework */; };
		231ACE09D6B865D8EC11FDAB /* Cocoa.framework in Frameworks */ = {isa = PBXBuildFile; fileRef = D7A10B5BCDC9DA52744A765E /* Cocoa.framework */; };
		25E23BBCF7167A8B228CE2FC /* include_juce_audio_plugin_client_AU_2.mm in Sources */ = {isa = PBXBuildFile; fileRef = D3B8141C35BD602C969E26A7 /* include_juce_audio_plugin_client_AU_2.mm */; };
		3079C2EC750D1235C01F2F2F /* Foundation.framework in Frameworks */ = {isa = PBXBuildFile; fileRef = 11F5902C33761B95431C683B /* Foundation.framework */; };
		3A368B0DC65922655D9BDB7F /* include_juce_gui_basics.mm in Sources */ = {isa = PBXBuildFile; fileRef = 3E1E544C0ED54D9DBB438FE9 /* include_juce_gui_basics.mm */; };
		45FBD025F94A854275B274F1 /* DiscRecording.framework in Frameworks */ = {isa = PBXBuildFile; fileRef = 99246F73437358A7F8B72075 /* DiscRecording.framework */; };
		4B5DB22603370911B6695C32 /* include_juce_audio_plugin_client_VST3.cpp in Sources */ = {isa = PBXBuildFile; fileRef = A81DEFA35EFF75230288D27F /* include_juce_audio_plugin_client_VST3.cpp */; };
		581D888369D66972022F671F /* include_juce_dsp.mm in Sources */ = {isa = PBXBuildFile; fileRef = BC5974F00A24568BE9750888 /* include_juce_dsp.mm */; };
		633CA11E4E47248C67F54146 /* Carbon.framework in Frameworks */ = {isa = PBXBuildFile; fileRef = 9BBCADD69F5A3DE032F3F61A /* Carbon.framework */; };
		76EB94106B13317F7DA8A381 /* AudioUnit.framework in Frameworks */ = {isa = PBXBuildFile; fileRef = 834267CC8433CEDF49161A4A /* AudioUnit.framework */; };
		7C9CE05F0844F160A3C825CD /* include_juce_events.mm in Sources */ = {isa = PBXBuildFile; fileRef = 494EE1580BEAADB997053570 /* include_juce_events.mm */; };
		88DCA77B08497386741417C6 /* include_juce_audio_processors.mm in Sources */ = {isa = PBXBuildFile; fileRef = 2624B1C07DEA640F36F54E9B /* include_juce_audio_processors.mm */; };
		8E2FD90B0012C02AA7EA3579 /* RecentFilesMenuTemplate.nib in Resources */ = {isa = PBXBuildFile; fileRef = A8673D8F288716314961058F /* RecentFilesMenuTemplate.nib */; };
		987DBA2ACB502200299D9CC8 /* PluginProcessor.cpp in Sources */ = {isa = PBXBuildFile; fileRef = C261774C0FBFE1BBCD91F4AB /* PluginProcessor.cpp */; };
		9EAC48A46A1B605276FCAC42 /* include_juce_gui_extra.mm in Sources */ = {isa = PBXBuildFile; fileRef = 147DE6E80363BE8899133130 /* include_juce_gui_extra.mm */; };
		9EBA4C5821C423937C5FCD31 /* include_juce_audio_utils.mm in Sources */ = {isa = PBXBuildFile; fileRef = A2006CA5F83EC3AFE6E761AE /* include_juce_audio_utils.mm */; };
		9F42DC8D35E0A2E73DDD5CF3 /* CoreAudioKit.framework in Frameworks */ = {isa = PBXBuildFile; fileRef = 8AE0E0A228B1CC5BD812C7CC /* CoreAudioKit.framework */; };
		B0EB7D9C5C0E417D5971C7A3 /* AudioToolbox.framework in Frameworks */ = {isa = PBXBuildFile; fileRef = 8D0AF98A2993F4F5D11E889B /* AudioToolbox.framework */; };
		B5281DD9855D8F5041730C09 /* include_juce_core.mm in Sources */ = {isa = PBXBuildFile; fileRef = EA616AD02A446D55F061F256 /* include_juce_core.mm */; };
		B669E0C45EE3F56FD3BC824B /* include_juce_graphics.mm in Sources */ = {isa = PBXBuildFile; fileRef = 41D5C0B789AD3A61233A4425 /* include_juce_graphics.mm */; };
		C56B567C51F41286B49DEC49 /* Accelerate.framework in Frameworks */ = {isa = PBXBuildFile; fileRef = 968C39BD67E80D4F4D276C0F /* Accelerate.framework */; };
		C843114E8277C413944E8CD3 /* include_juce_audio_basics.mm in Sources */ = {isa = PBXBuildFile; fileRef = AAC1FFCFCB7A009151D67A27 /* include_juce_audio_basics.mm */; };
		C9C1F23152207FD451FE4AB5 /* IOKit.framework in Frameworks */ = {isa = PBXBuildFile; fileRef = E142211052D03F318CBE90CA /* IOKit.framework */; };
		CBDFFADF79ADCFE7FE74855A /* include_juce_audio_formats.mm in Sources */ = {isa = PBXBuildFile; fileRef = DE195814C1455F7D334486F1 /* include_juce_audio_formats.mm */; };
		D5B766CC5404DF89723186E9 /* include_juce_audio_plugin_client_AU.r in Rez */ = {isa = PBXBuildFile; fileRef = 66CAA5CFF5E3D46F5B03F157 /* include_juce_audio_plugin_client_AU.r */; };
		DDA4E1DF61F606C6A57102D4 /* include_juce_audio_plugin_client_utils.cpp in Sources */ = {isa = PBXBuildFile; fileRef = 9697DA1230F31477B7C468E7 /* include_juce_audio_plugin_client_utils.cpp */; };
		E536866A808D4C911ED65925 /* WebKit.framework in Frameworks */ = {isa = PBXBuildFile; fileRef = 067543630D7CA784BF4D1DE4 /* WebKit.framework */; };
		E8C679348466E1DA6B3C5FDD /* CoreMIDI.framework in Frameworks */ = {isa = PBXBuildFile; fileRef = 625DF2AE7D4E3C7763A931BB /* CoreMIDI.framework */; };
		EA0479C4D47E8A6B028271FA /* include_juce_data_structures.mm in Sources */ = {isa = PBXBuildFile; fileRef = B3109E08FF7337DAFB8D651D /* include_juce_data_structures.mm */; };
		F0B28306922C1FF41967EBD8 /* PluginEditor.cpp in Sources */ = {isa = PBXBuildFile; fileRef = 129E2F9B8E19BF1477AF5588 /* PluginEditor.cpp */; };
		F12EF94317860A0DC8270505 /* include_juce_audio_devices.mm in Sources */ = {isa = PBXBuildFile; fileRef = F769A9F704850BFFD3D4765D /* include_juce_audio_devices.mm */; };
		F136513373E74E76DFE7E27B /* include_juce_audio_plugin_client_AU_1.mm in Sources */ = {isa = PBXBuildFile; fileRef = 9E3C85C02E4C2A469EC9B2C0 /* include_juce_audio_plugin_client_AU_1.mm */; };
/* End PBXBuildFile section */

/* Begin PBXContainerItemProxy section */
		068073B8275F88AF00090A67 /* PBXContainerItemProxy */ = {
			isa = PBXContainerItemProxy;
			containerPortal = C54D70BF226C45C8F25DB7EA /* Project object */;
			proxyType = 1;
			remoteGlobalIDString = 388E31113ED426BEF78701AF;
			remoteInfo = "laserShotSynth - Shared Code";
		};
		068073B9275F88AF00090A67 /* PBXContainerItemProxy */ = {
			isa = PBXContainerItemProxy;
			containerPortal = C54D70BF226C45C8F25DB7EA /* Project object */;
			proxyType = 1;
			remoteGlobalIDString = 388E31113ED426BEF78701AF;
			remoteInfo = "laserShotSynth - Shared Code";
		};
		068073BA275F88AF00090A67 /* PBXContainerItemProxy */ = {
			isa = PBXContainerItemProxy;
			containerPortal = C54D70BF226C45C8F25DB7EA /* Project object */;
			proxyType = 1;
			remoteGlobalIDString = 388E31113ED426BEF78701AF;
			remoteInfo = "laserShotSynth - Shared Code";
		};
		068073BB275F88AF00090A67 /* PBXContainerItemProxy */ = {
			isa = PBXContainerItemProxy;
			containerPortal = C54D70BF226C45C8F25DB7EA /* Project object */;
			proxyType = 1;
			remoteGlobalIDString = CBF45A215F70E9E53AD0E5EC;
			remoteInfo = "laserShotSynth - VST3";
		};
		068073BC275F88AF00090A67 /* PBXContainerItemProxy */ = {
			isa = PBXContainerItemProxy;
			containerPortal = C54D70BF226C45C8F25DB7EA /* Project object */;
			proxyType = 1;
			remoteGlobalIDString = B29388FA6A5D92785930AA44;
			remoteInfo = "laserShotSynth - AU";
		};
		068073BD275F88AF00090A67 /* PBXContainerItemProxy */ = {
			isa = PBXContainerItemProxy;
			containerPortal = C54D70BF226C45C8F25DB7EA /* Project object */;
			proxyType = 1;
			remoteGlobalIDString = F62C41C469F117BDE7C1433B;
			remoteInfo = "laserShotSynth - Standalone Plugin";
		};
		068073BE275F88AF00090A67 /* PBXContainerItemProxy */ = {
			isa = PBXContainerItemProxy;
			containerPortal = C54D70BF226C45C8F25DB7EA /* Project object */;
			proxyType = 1;
			remoteGlobalIDString = 388E31113ED426BEF78701AF;
			remoteInfo = "laserShotSynth - Shared Code";
		};
/* End PBXContainerItemProxy section */

/* Begin PBXFileReference section */
		05352C7AD1EEE84EAD4936C9 /* juce_audio_formats */ = {isa = PBXFileReference; lastKnownFileType = folder; name = juce_audio_formats; path = "~/JUCE/modules/juce_audio_formats"; sourceTree = "<absolute>"; };
		067543630D7CA784BF4D1DE4 /* WebKit.framework */ = {isa = PBXFileReference; lastKnownFileType = wrapper.framework; name = WebKit.framework; path = System/Library/Frameworks/WebKit.framework; sourceTree = SDKROOT; };
		068073BF275F8B6500090A67 /* Envelope.h */ = {isa = PBXFileReference; fileEncoding = 4; lastKnownFileType = sourcecode.c.h; name = Envelope.h; path = ../../Source/Envelope.h; sourceTree = "<group>"; };
		068073C0275F8B6500090A67 /* Voice.h */ = {isa = PBXFileReference; fileEncoding = 4; lastKnownFileType = sourcecode.c.h; name = Voice.h; path = ../../Source/Voice.h; sourceTree = "<group>"; };
		068073C1275F8B6500090A67 /* SineOscillator.h */ = {isa = PBXFileReference; fileEncoding = 4; lastKnownFileType = sourcecode.c.h; name = SineOscillator.h; path = ../../Source/SineOscillator.h; sourceTree = "<group>"; };
		0E0BD16475B91821FB4D65CE /* juce_core */ = {isa = PBXFileReference; lastKnownFileType = folder; name = juce_core; path = "~/JUCE/modules/juce_core"; sourceTree = "<absolute>"; };
		0E5447487606DEC1EE24ADD1 /* juce_dsp */ = {isa = PBXFileReference; lastKnownFileType = folder; name = juce_dsp; path = "~/JUCE/modules/juce_dsp"; sourceTree = "<absolute>"; };
		11F5902C33761B95431C683B /* Foundation.framework */ = {isa = PBXFileReference; lastKnownFileType = wrapper.framework; name = Foundation.framework; path = System/Library/Frameworks/Foundation.framework; sourceTree = SDKROOT; };
		129E2F9B8E19BF1477AF5588 /* PluginEditor.cpp */ = {isa = PBXFileReference; lastKnownFileType = sourcecode.cpp.cpp; name = PluginEditor.cpp; path = ../../Source/PluginEditor.cpp; sourceTree = SOURCE_ROOT; };
		147DE6E80363BE8899133130 /* include_juce_gui_extra.mm */ = {isa = PBXFileReference; lastKnownFileType = sourcecode.cpp.objcpp; name = include_juce_gui_extra.mm; path = ../../JuceLibraryCode/include_juce_gui_extra.mm; sourceTree = SOURCE_ROOT; };
		1558F44C060D77BC05E4A4CF /* PluginEditor.h */ = {isa = PBXFileReference; lastKnownFileType = sourcecode.c.h; name = PluginEditor.h; path = ../../Source/PluginEditor.h; sourceTree = SOURCE_ROOT; };
		1A98F24F502692B5B7BF1EAC /* juce_audio_processors */ = {isa = PBXFileReference; lastKnownFileType = folder; name = juce_audio_processors; path = "~/JUCE/modules/juce_audio_processors"; sourceTree = "<absolute>"; };
		2624B1C07DEA640F36F54E9B /* include_juce_audio_processors.mm */ = {isa = PBXFileReference; lastKnownFileType = sourcecode.cpp.objcpp; name = include_juce_audio_processors.mm; path = ../../JuceLibraryCode/include_juce_audio_processors.mm; sourceTree = SOURCE_ROOT; };
		297C89DFB66226DC4CA1A656 /* laserShotSynth.vst3 */ = {isa = PBXFileReference; explicitFileType = wrapper.cfbundle; includeInIndex = 0; path = laserShotSynth.vst3; sourceTree = BUILT_PRODUCTS_DIR; };
		2CBDAED738BBACB4152BE79D /* PluginProcessor.h */ = {isa = PBXFileReference; lastKnownFileType = sourcecode.c.h; name = PluginProcessor.h; path = ../../Source/PluginProcessor.h; sourceTree = SOURCE_ROOT; };
		2CF971A310A73E8C4E9A2EBA /* juce_gui_basics */ = {isa = PBXFileReference; lastKnownFileType = folder; name = juce_gui_basics; path = "~/JUCE/modules/juce_gui_basics"; sourceTree = "<absolute>"; };
		33C77E4FAE03F145FE022A57 /* juce_audio_devices */ = {isa = PBXFileReference; lastKnownFileType = folder; name = juce_audio_devices; path = "~/JUCE/modules/juce_audio_devices"; sourceTree = "<absolute>"; };
		363A6E78AD38378EA4D11B01 /* Info-Standalone_Plugin.plist */ = {isa = PBXFileReference; lastKnownFileType = text.plist.xml; path = "Info-Standalone_Plugin.plist"; sourceTree = SOURCE_ROOT; };
		3B24FF0BDDD2A8F55BB983DE /* Info-AU.plist */ = {isa = PBXFileReference; lastKnownFileType = text.plist.xml; path = "Info-AU.plist"; sourceTree = SOURCE_ROOT; };
		3E1E544C0ED54D9DBB438FE9 /* include_juce_gui_basics.mm */ = {isa = PBXFileReference; lastKnownFileType = sourcecode.cpp.objcpp; name = include_juce_gui_basics.mm; path = ../../JuceLibraryCode/include_juce_gui_basics.mm; sourceTree = SOURCE_ROOT; };
		41D5C0B789AD3A61233A4425 /* include_juce_graphics.mm */ = {isa = PBXFileReference; lastKnownFileType = sourcecode.cpp.objcpp; name = include_juce_graphics.mm; path = ../../JuceLibraryCode/include_juce_graphics.mm; sourceTree = SOURCE_ROOT; };
		43B3FE1A5766E4791F8610A7 /* juce_events */ = {isa = PBXFileReference; lastKnownFileType = folder; name = juce_events; path = "~/JUCE/modules/juce_events"; sourceTree = "<absolute>"; };
		494EE1580BEAADB997053570 /* include_juce_events.mm */ = {isa = PBXFileReference; lastKnownFileType = sourcecode.cpp.objcpp; name = include_juce_events.mm; path = ../../JuceLibraryCode/include_juce_events.mm; sourceTree = SOURCE_ROOT; };
		4E1D6B0BF897B6A7452B6FD4 /* juce_audio_utils */ = {isa = PBXFileReference; lastKnownFileType = folder; name = juce_audio_utils; path = "~/JUCE/modules/juce_audio_utils"; sourceTree = "<absolute>"; };
		56199B645FA799D44091A55A /* juce_audio_plugin_client */ = {isa = PBXFileReference; lastKnownFileType = folder; name = juce_audio_plugin_client; path = "~/JUCE/modules/juce_audio_plugin_client"; sourceTree = "<absolute>"; };
		625DF2AE7D4E3C7763A931BB /* CoreMIDI.framework */ = {isa = PBXFileReference; lastKnownFileType = wrapper.framework; name = CoreMIDI.framework; path = System/Library/Frameworks/CoreMIDI.framework; sourceTree = SDKROOT; };
		650D8C32074A189D996A4431 /* include_juce_audio_plugin_client_VST_utils.mm */ = {isa = PBXFileReference; lastKnownFileType = sourcecode.cpp.objcpp; name = include_juce_audio_plugin_client_VST_utils.mm; path = ../../JuceLibraryCode/include_juce_audio_plugin_client_VST_utils.mm; sourceTree = SOURCE_ROOT; };
		66CAA5CFF5E3D46F5B03F157 /* include_juce_audio_plugin_client_AU.r */ = {isa = PBXFileReference; lastKnownFileType = file.r; name = include_juce_audio_plugin_client_AU.r; path = ../../JuceLibraryCode/include_juce_audio_plugin_client_AU.r; sourceTree = SOURCE_ROOT; };
		75EAEEEF3719C5470BD7D9FD /* juce_gui_extra */ = {isa = PBXFileReference; lastKnownFileType = folder; name = juce_gui_extra; path = "~/JUCE/modules/juce_gui_extra"; sourceTree = "<absolute>"; };
		7E149411991772A4F74D3A24 /* laserShotSynth.app */ = {isa = PBXFileReference; explicitFileType = wrapper.application; includeInIndex = 0; path = laserShotSynth.app; sourceTree = BUILT_PRODUCTS_DIR; };
		834267CC8433CEDF49161A4A /* AudioUnit.framework */ = {isa = PBXFileReference; lastKnownFileType = wrapper.framework; name = AudioUnit.framework; path = System/Library/Frameworks/AudioUnit.framework; sourceTree = SDKROOT; };
		8AE0E0A228B1CC5BD812C7CC /* CoreAudioKit.framework */ = {isa = PBXFileReference; lastKnownFileType = wrapper.framework; name = CoreAudioKit.framework; path = System/Library/Frameworks/CoreAudioKit.framework; sourceTree = SDKROOT; };
		8D0AF98A2993F4F5D11E889B /* AudioToolbox.framework */ = {isa = PBXFileReference; lastKnownFileType = wrapper.framework; name = AudioToolbox.framework; path = System/Library/Frameworks/AudioToolbox.framework; sourceTree = SDKROOT; };
		94B3707FFD117769F172A494 /* juce_graphics */ = {isa = PBXFileReference; lastKnownFileType = folder; name = juce_graphics; path = "~/JUCE/modules/juce_graphics"; sourceTree = "<absolute>"; };
		968C39BD67E80D4F4D276C0F /* Accelerate.framework */ = {isa = PBXFileReference; lastKnownFileType = wrapper.framework; name = Accelerate.framework; path = System/Library/Frameworks/Accelerate.framework; sourceTree = SDKROOT; };
		9697DA1230F31477B7C468E7 /* include_juce_audio_plugin_client_utils.cpp */ = {isa = PBXFileReference; lastKnownFileType = sourcecode.cpp.cpp; name = include_juce_audio_plugin_client_utils.cpp; path = ../../JuceLibraryCode/include_juce_audio_plugin_client_utils.cpp; sourceTree = SOURCE_ROOT; };
		99246F73437358A7F8B72075 /* DiscRecording.framework */ = {isa = PBXFileReference; lastKnownFileType = wrapper.framework; name = DiscRecording.framework; path = System/Library/Frameworks/DiscRecording.framework; sourceTree = SDKROOT; };
		9A57692803A63D746984BBCF /* JuceHeader.h */ = {isa = PBXFileReference; lastKnownFileType = sourcecode.c.h; name = JuceHeader.h; path = ../../JuceLibraryCode/JuceHeader.h; sourceTree = SOURCE_ROOT; };
		9BBCADD69F5A3DE032F3F61A /* Carbon.framework */ = {isa = PBXFileReference; lastKnownFileType = wrapper.framework; name = Carbon.framework; path = System/Library/Frameworks/Carbon.framework; sourceTree = SDKROOT; };
		9E3C85C02E4C2A469EC9B2C0 /* include_juce_audio_plugin_client_AU_1.mm */ = {isa = PBXFileReference; lastKnownFileType = sourcecode.cpp.objcpp; name = include_juce_audio_plugin_client_AU_1.mm; path = ../../JuceLibraryCode/include_juce_audio_plugin_client_AU_1.mm; sourceTree = SOURCE_ROOT; };
		A2006CA5F83EC3AFE6E761AE /* include_juce_audio_utils.mm */ = {isa = PBXFileReference; lastKnownFileType = sourcecode.cpp.objcpp; name = include_juce_audio_utils.mm; path = ../../JuceLibraryCode/include_juce_audio_utils.mm; sourceTree = SOURCE_ROOT; };
		A27EB6B35CFCEC2D4E8E5DB1 /* JucePluginDefines.h */ = {isa = PBXFileReference; lastKnownFileType = sourcecode.c.h; name = JucePluginDefines.h; path = ../../JuceLibraryCode/JucePluginDefines.h; sourceTree = SOURCE_ROOT; };
		A81DEFA35EFF75230288D27F /* include_juce_audio_plugin_client_VST3.cpp */ = {isa = PBXFileReference; lastKnownFileType = sourcecode.cpp.cpp; name = include_juce_audio_plugin_client_VST3.cpp; path = ../../JuceLibraryCode/include_juce_audio_plugin_client_VST3.cpp; sourceTree = SOURCE_ROOT; };
		A84EB6E778587276D2533F0B /* CoreAudio.framework */ = {isa = PBXFileReference; lastKnownFileType = wrapper.framework; name = CoreAudio.framework; path = System/Library/Frameworks/CoreAudio.framework; sourceTree = SDKROOT; };
		A8673D8F288716314961058F /* RecentFilesMenuTemplate.nib */ = {isa = PBXFileReference; lastKnownFileType = file.nib; path = RecentFilesMenuTemplate.nib; sourceTree = SOURCE_ROOT; };
		AAC1FFCFCB7A009151D67A27 /* include_juce_audio_basics.mm */ = {isa = PBXFileReference; lastKnownFileType = sourcecode.cpp.objcpp; name = include_juce_audio_basics.mm; path = ../../JuceLibraryCode/include_juce_audio_basics.mm; sourceTree = SOURCE_ROOT; };
		B3109E08FF7337DAFB8D651D /* include_juce_data_structures.mm */ = {isa = PBXFileReference; lastKnownFileType = sourcecode.cpp.objcpp; name = include_juce_data_structures.mm; path = ../../JuceLibraryCode/include_juce_data_structures.mm; sourceTree = SOURCE_ROOT; };
		BC5974F00A24568BE9750888 /* include_juce_dsp.mm */ = {isa = PBXFileReference; lastKnownFileType = sourcecode.cpp.objcpp; name = include_juce_dsp.mm; path = ../../JuceLibraryCode/include_juce_dsp.mm; sourceTree = SOURCE_ROOT; };
		C164184DF82D1C23E9F29104 /* Info-VST3.plist */ = {isa = PBXFileReference; lastKnownFileType = text.plist.xml; path = "Info-VST3.plist"; sourceTree = SOURCE_ROOT; };
		C261774C0FBFE1BBCD91F4AB /* PluginProcessor.cpp */ = {isa = PBXFileReference; lastKnownFileType = sourcecode.cpp.cpp; name = PluginProcessor.cpp; path = ../../Source/PluginProcessor.cpp; sourceTree = SOURCE_ROOT; };
		CAF480E828228AF20087A4BB /* QuartzCore.framework */ = {isa = PBXFileReference; lastKnownFileType = wrapper.framework; name = QuartzCore.framework; path = System/Library/Frameworks/QuartzCore.framework; sourceTree = SDKROOT; };
		D3B8141C35BD602C969E26A7 /* include_juce_audio_plugin_client_AU_2.mm */ = {isa = PBXFileReference; lastKnownFileType = sourcecode.cpp.objcpp; name = include_juce_audio_plugin_client_AU_2.mm; path = ../../JuceLibraryCode/include_juce_audio_plugin_client_AU_2.mm; sourceTree = SOURCE_ROOT; };
		D7A10B5BCDC9DA52744A765E /* Cocoa.framework */ = {isa = PBXFileReference; lastKnownFileType = wrapper.framework; name = Cocoa.framework; path = System/Library/Frameworks/Cocoa.framework; sourceTree = SDKROOT; };
		DA0439B69860AC7A1F9C7C65 /* juce_data_structures */ = {isa = PBXFileReference; lastKnownFileType = folder; name = juce_data_structures; path = "~/JUCE/modules/juce_data_structures"; sourceTree = "<absolute>"; };
		DE195814C1455F7D334486F1 /* include_juce_audio_formats.mm */ = {isa = PBXFileReference; lastKnownFileType = sourcecode.cpp.objcpp; name = include_juce_audio_formats.mm; path = ../../JuceLibraryCode/include_juce_audio_formats.mm; sourceTree = SOURCE_ROOT; };
		E142211052D03F318CBE90CA /* IOKit.framework */ = {isa = PBXFileReference; lastKnownFileType = wrapper.framework; name = IOKit.framework; path = System/Library/Frameworks/IOKit.framework; sourceTree = SDKROOT; };
		EA616AD02A446D55F061F256 /* include_juce_core.mm */ = {isa = PBXFileReference; lastKnownFileType = sourcecode.cpp.objcpp; name = include_juce_core.mm; path = ../../JuceLibraryCode/include_juce_core.mm; sourceTree = SOURCE_ROOT; };
		EBE28E09A7FE189DA9AF36AD /* include_juce_audio_plugin_client_Standalone.cpp */ = {isa = PBXFileReference; lastKnownFileType = sourcecode.cpp.cpp; name = include_juce_audio_plugin_client_Standalone.cpp; path = ../../JuceLibraryCode/include_juce_audio_plugin_client_Standalone.cpp; sourceTree = SOURCE_ROOT; };
		EEA67C0FE442A0AD1137FE93 /* juce_audio_basics */ = {isa = PBXFileReference; lastKnownFileType = folder; name = juce_audio_basics; path = "~/JUCE/modules/juce_audio_basics"; sourceTree = "<absolute>"; };
		F00539D1B8F30DA2E470C9E9 /* laserShotSynth.component */ = {isa = PBXFileReference; explicitFileType = wrapper.cfbundle; includeInIndex = 0; path = laserShotSynth.component; sourceTree = BUILT_PRODUCTS_DIR; };
		F769A9F704850BFFD3D4765D /* include_juce_audio_devices.mm */ = {isa = PBXFileReference; lastKnownFileType = sourcecode.cpp.objcpp; name = include_juce_audio_devices.mm; path = ../../JuceLibraryCode/include_juce_audio_devices.mm; sourceTree = SOURCE_ROOT; };
		FB6703AEC3CC8F120041310F /* liblaserShotSynth.a */ = {isa = PBXFileReference; explicitFileType = archive.ar; includeInIndex = 0; path = liblaserShotSynth.a; sourceTree = BUILT_PRODUCTS_DIR; };
/* End PBXFileReference section */

/* Begin PBXFrameworksBuildPhase section */
		650AC5DD6A2B761B434FCAC8 /* Frameworks */ = {
			isa = PBXFrameworksBuildPhase;
			buildActionMask = 2147483647;
			files = (
				76EB94106B13317F7DA8A381 /* AudioUnit.framework in Frameworks */,
				0680739F275F88AF00090A67 /* Accelerate.framework in Frameworks */,
				068073A0275F88AF00090A67 /* AudioToolbox.framework in Frameworks */,
				068073A1275F88AF00090A67 /* Carbon.framework in Frameworks */,
				068073A2275F88AF00090A67 /* Cocoa.framework in Frameworks */,
				068073A3275F88AF00090A67 /* CoreAudio.framework in Frameworks */,
				068073A4275F88AF00090A67 /* CoreAudioKit.framework in Frameworks */,
				068073A5275F88AF00090A67 /* CoreMIDI.framework in Frameworks */,
				068073A6275F88AF00090A67 /* DiscRecording.framework in Frameworks */,
				068073A7275F88AF00090A67 /* Foundation.framework in Frameworks */,
				068073A8275F88AF00090A67 /* IOKit.framework in Frameworks */,
				068073A9275F88AF00090A67 /* QuartzCore.framework in Frameworks */,
				068073AA275F88AF00090A67 /* WebKit.framework in Frameworks */,
			);
			runOnlyForDeploymentPostprocessing = 0;
		};
		8E21DE63D362722DF7CD73E2 /* Frameworks */ = {
			isa = PBXFrameworksBuildPhase;
			buildActionMask = 2147483647;
			files = (
				068073AC275F88AF00090A67 /* Accelerate.framework in Frameworks */,
				068073AD275F88AF00090A67 /* AudioToolbox.framework in Frameworks */,
				068073AE275F88AF00090A67 /* Carbon.framework in Frameworks */,
				068073AF275F88AF00090A67 /* Cocoa.framework in Frameworks */,
				068073B0275F88AF00090A67 /* CoreAudio.framework in Frameworks */,
				068073B1275F88AF00090A67 /* CoreAudioKit.framework in Frameworks */,
				068073B2275F88AF00090A67 /* CoreMIDI.framework in Frameworks */,
				068073B3275F88AF00090A67 /* DiscRecording.framework in Frameworks */,
				068073B4275F88AF00090A67 /* Foundation.framework in Frameworks */,
				068073B5275F88AF00090A67 /* IOKit.framework in Frameworks */,
				068073B6275F88AF00090A67 /* QuartzCore.framework in Frameworks */,
				068073B7275F88AF00090A67 /* WebKit.framework in Frameworks */,
			);
			runOnlyForDeploymentPostprocessing = 0;
		};
		FFCA5B6B5AFFBA43EF4F9EB8 /* Frameworks */ = {
			isa = PBXFrameworksBuildPhase;
			buildActionMask = 2147483647;
			files = (
				C56B567C51F41286B49DEC49 /* Accelerate.framework in Frameworks */,
				B0EB7D9C5C0E417D5971C7A3 /* AudioToolbox.framework in Frameworks */,
				633CA11E4E47248C67F54146 /* Carbon.framework in Frameworks */,
				231ACE09D6B865D8EC11FDAB /* Cocoa.framework in Frameworks */,
				0AC89E96D49E3730FFCE7415 /* CoreAudio.framework in Frameworks */,
				9F42DC8D35E0A2E73DDD5CF3 /* CoreAudioKit.framework in Frameworks */,
				E8C679348466E1DA6B3C5FDD /* CoreMIDI.framework in Frameworks */,
				45FBD025F94A854275B274F1 /* DiscRecording.framework in Frameworks */,
				3079C2EC750D1235C01F2F2F /* Foundation.framework in Frameworks */,
				C9C1F23152207FD451FE4AB5 /* IOKit.framework in Frameworks */,
				1D6DE3BA10A366DE4B3C618F /* QuartzCore.framework in Frameworks */,
				E536866A808D4C911ED65925 /* WebKit.framework in Frameworks */,
			);
			runOnlyForDeploymentPostprocessing = 0;
		};
/* End PBXFrameworksBuildPhase section */

/* Begin PBXGroup section */
		03024410C9ACF84A2BF03D94 /* JUCE Modules */ = {
			isa = PBXGroup;
			children = (
				EEA67C0FE442A0AD1137FE93 /* juce_audio_basics */,
				33C77E4FAE03F145FE022A57 /* juce_audio_devices */,
				05352C7AD1EEE84EAD4936C9 /* juce_audio_formats */,
				56199B645FA799D44091A55A /* juce_audio_plugin_client */,
				1A98F24F502692B5B7BF1EAC /* juce_audio_processors */,
				4E1D6B0BF897B6A7452B6FD4 /* juce_audio_utils */,
				0E0BD16475B91821FB4D65CE /* juce_core */,
				DA0439B69860AC7A1F9C7C65 /* juce_data_structures */,
				0E5447487606DEC1EE24ADD1 /* juce_dsp */,
				43B3FE1A5766E4791F8610A7 /* juce_events */,
				94B3707FFD117769F172A494 /* juce_graphics */,
				2CF971A310A73E8C4E9A2EBA /* juce_gui_basics */,
				75EAEEEF3719C5470BD7D9FD /* juce_gui_extra */,
			);
			name = "JUCE Modules";
			sourceTree = "<group>";
		};
		19D6B30A1E45F0B21D8154CA /* Frameworks */ = {
			isa = PBXGroup;
			children = (
				834267CC8433CEDF49161A4A /* AudioUnit.framework */,
				968C39BD67E80D4F4D276C0F /* Accelerate.framework */,
				8D0AF98A2993F4F5D11E889B /* AudioToolbox.framework */,
				9BBCADD69F5A3DE032F3F61A /* Carbon.framework */,
				D7A10B5BCDC9DA52744A765E /* Cocoa.framework */,
				A84EB6E778587276D2533F0B /* CoreAudio.framework */,
				8AE0E0A228B1CC5BD812C7CC /* CoreAudioKit.framework */,
				625DF2AE7D4E3C7763A931BB /* CoreMIDI.framework */,
				99246F73437358A7F8B72075 /* DiscRecording.framework */,
				11F5902C33761B95431C683B /* Foundation.framework */,
				E142211052D03F318CBE90CA /* IOKit.framework */,
				CAF480E828228AF20087A4BB /* QuartzCore.framework */,
				067543630D7CA784BF4D1DE4 /* WebKit.framework */,
			);
			name = Frameworks;
			sourceTree = "<group>";
		};
		20E62E86E13C7C79F684FA87 /* Source */ = {
			isa = PBXGroup;
			children = (
				E86C7977370BBEBA6308CCA3 /* laserShotSynth */,
				03024410C9ACF84A2BF03D94 /* JUCE Modules */,
				85AFEA9824772CDF856419F1 /* JUCE Library Code */,
				38B0DA9732C10DDED8425BAC /* Resources */,
				19D6B30A1E45F0B21D8154CA /* Frameworks */,
				8C689F5FF1E8F55D117AAD78 /* Products */,
			);
			name = Source;
			sourceTree = "<group>";
		};
		38B0DA9732C10DDED8425BAC /* Resources */ = {
			isa = PBXGroup;
			children = (
				C164184DF82D1C23E9F29104 /* Info-VST3.plist */,
				3B24FF0BDDD2A8F55BB983DE /* Info-AU.plist */,
				363A6E78AD38378EA4D11B01 /* Info-Standalone_Plugin.plist */,
				A8673D8F288716314961058F /* RecentFilesMenuTemplate.nib */,
			);
			name = Resources;
			sourceTree = "<group>";
		};
		85AFEA9824772CDF856419F1 /* JUCE Library Code */ = {
			isa = PBXGroup;
			children = (
				AAC1FFCFCB7A009151D67A27 /* include_juce_audio_basics.mm */,
				F769A9F704850BFFD3D4765D /* include_juce_audio_devices.mm */,
				DE195814C1455F7D334486F1 /* include_juce_audio_formats.mm */,
				66CAA5CFF5E3D46F5B03F157 /* include_juce_audio_plugin_client_AU.r */,
				9E3C85C02E4C2A469EC9B2C0 /* include_juce_audio_plugin_client_AU_1.mm */,
				D3B8141C35BD602C969E26A7 /* include_juce_audio_plugin_client_AU_2.mm */,
				EBE28E09A7FE189DA9AF36AD /* include_juce_audio_plugin_client_Standalone.cpp */,
				9697DA1230F31477B7C468E7 /* include_juce_audio_plugin_client_utils.cpp */,
				650D8C32074A189D996A4431 /* include_juce_audio_plugin_client_VST_utils.mm */,
				A81DEFA35EFF75230288D27F /* include_juce_audio_plugin_client_VST3.cpp */,
				2624B1C07DEA640F36F54E9B /* include_juce_audio_processors.mm */,
				A2006CA5F83EC3AFE6E761AE /* include_juce_audio_utils.mm */,
				EA616AD02A446D55F061F256 /* include_juce_core.mm */,
				B3109E08FF7337DAFB8D651D /* include_juce_data_structures.mm */,
				BC5974F00A24568BE9750888 /* include_juce_dsp.mm */,
				494EE1580BEAADB997053570 /* include_juce_events.mm */,
				41D5C0B789AD3A61233A4425 /* include_juce_graphics.mm */,
				3E1E544C0ED54D9DBB438FE9 /* include_juce_gui_basics.mm */,
				147DE6E80363BE8899133130 /* include_juce_gui_extra.mm */,
				9A57692803A63D746984BBCF /* JuceHeader.h */,
				A27EB6B35CFCEC2D4E8E5DB1 /* JucePluginDefines.h */,
			);
			name = "JUCE Library Code";
			sourceTree = "<group>";
		};
		8C689F5FF1E8F55D117AAD78 /* Products */ = {
			isa = PBXGroup;
			children = (
				297C89DFB66226DC4CA1A656 /* laserShotSynth.vst3 */,
				F00539D1B8F30DA2E470C9E9 /* laserShotSynth.component */,
				7E149411991772A4F74D3A24 /* laserShotSynth.app */,
				FB6703AEC3CC8F120041310F /* liblaserShotSynth.a */,
			);
			name = Products;
			sourceTree = "<group>";
		};
		BD0328A5ED929646DFC815FD /* Source */ = {
			isa = PBXGroup;
			children = (
				068073BF275F8B6500090A67 /* Envelope.h */,
				068073C1275F8B6500090A67 /* SineOscillator.h */,
				068073C0275F8B6500090A67 /* Voice.h */,
				C261774C0FBFE1BBCD91F4AB /* PluginProcessor.cpp */,
				2CBDAED738BBACB4152BE79D /* PluginProcessor.h */,
				129E2F9B8E19BF1477AF5588 /* PluginEditor.cpp */,
				1558F44C060D77BC05E4A4CF /* PluginEditor.h */,
			);
			name = Source;
			sourceTree = "<group>";
		};
		E86C7977370BBEBA6308CCA3 /* laserShotSynth */ = {
			isa = PBXGroup;
			children = (
				BD0328A5ED929646DFC815FD /* Source */,
			);
			name = laserShotSynth;
			sourceTree = "<group>";
		};
/* End PBXGroup section */

/* Begin PBXNativeTarget section */
		388E31113ED426BEF78701AF /* laserShotSynth - Shared Code */ = {
			isa = PBXNativeTarget;
			buildConfigurationList = 76444DEB66D3AFF0E79AA810 /* Build configuration list for PBXNativeTarget "laserShotSynth - Shared Code" */;
			buildPhases = (
				3D2DD1E0E1B14A5DF0CA0CEF /* Sources */,
			);
			buildRules = (
			);
			dependencies = (
			);
			name = "laserShotSynth - Shared Code";
			productName = laserShotSynth;
			productReference = FB6703AEC3CC8F120041310F /* liblaserShotSynth.a */;
			productType = "com.apple.product-type.library.static";
		};
		B29388FA6A5D92785930AA44 /* laserShotSynth - AU */ = {
			isa = PBXNativeTarget;
			buildConfigurationList = A204515FEA065F74B156351A /* Build configuration list for PBXNativeTarget "laserShotSynth - AU" */;
			buildPhases = (
				60A8BD26D8DF905148102D3B /* Resources */,
				0027E3E69E39392220C23841 /* Rez */,
				A0A33D4E4029F8AB8181AF72 /* Sources */,
				650AC5DD6A2B761B434FCAC8 /* Frameworks */,
			);
			buildRules = (
			);
			dependencies = (
				98757E7B9248662DFB98E24B /* PBXTargetDependency */,
			);
			name = "laserShotSynth - AU";
			productName = laserShotSynth;
			productReference = F00539D1B8F30DA2E470C9E9 /* laserShotSynth.component */;
			productType = "com.apple.product-type.bundle";
		};
		CBF45A215F70E9E53AD0E5EC /* laserShotSynth - VST3 */ = {
			isa = PBXNativeTarget;
			buildConfigurationList = F13DD8382719E275B1ACE66E /* Build configuration list for PBXNativeTarget "laserShotSynth - VST3" */;
			buildPhases = (
				E7912CFDE40ACF84A9B247EB /* Resources */,
				402D441E012B1E182A4B5B5B /* Sources */,
				FFCA5B6B5AFFBA43EF4F9EB8 /* Frameworks */,
			);
			buildRules = (
			);
			dependencies = (
				94BEC0A30B6C6F363EF33A71 /* PBXTargetDependency */,
			);
			name = "laserShotSynth - VST3";
			productName = laserShotSynth;
			productReference = 297C89DFB66226DC4CA1A656 /* laserShotSynth.vst3 */;
			productType = "com.apple.product-type.bundle";
		};
		F62C41C469F117BDE7C1433B /* laserShotSynth - Standalone Plugin */ = {
			isa = PBXNativeTarget;
			buildConfigurationList = 8D8AEF89FC97B60CD3C6AF36 /* Build configuration list for PBXNativeTarget "laserShotSynth - Standalone Plugin" */;
			buildPhases = (
				9F457292A102A6BF5417A276 /* Resources */,
				A2F27AF28B21229733C92191 /* Sources */,
				8E21DE63D362722DF7CD73E2 /* Frameworks */,
			);
			buildRules = (
			);
			dependencies = (
				27C72AB6F3A68387F906E2DB /* PBXTargetDependency */,
			);
			name = "laserShotSynth - Standalone Plugin";
			productName = laserShotSynth;
			productReference = 7E149411991772A4F74D3A24 /* laserShotSynth.app */;
			productType = "com.apple.product-type.application";
		};
/* End PBXNativeTarget section */

/* Begin PBXProject section */
		C54D70BF226C45C8F25DB7EA /* Project object */ = {
			isa = PBXProject;
			attributes = {
				LastUpgradeCheck = 1300;
				ORGANIZATIONNAME = "";
				TargetAttributes = {
					388E31113ED426BEF78701AF = {
						SystemCapabilities = {
							com.apple.ApplicationGroups.iOS = {
								enabled = 0;
							};
							com.apple.HardenedRuntime = {
								enabled = 0;
							};
							com.apple.InAppPurchase = {
								enabled = 0;
							};
							com.apple.InterAppAudio = {
								enabled = 0;
							};
							com.apple.Push = {
								enabled = 0;
							};
							com.apple.Sandbox = {
								enabled = 0;
							};
						};
					};
					B29388FA6A5D92785930AA44 = {
						SystemCapabilities = {
							com.apple.ApplicationGroups.iOS = {
								enabled = 0;
							};
							com.apple.HardenedRuntime = {
								enabled = 0;
							};
							com.apple.InAppPurchase = {
								enabled = 0;
							};
							com.apple.InterAppAudio = {
								enabled = 0;
							};
							com.apple.Push = {
								enabled = 0;
							};
							com.apple.Sandbox = {
								enabled = 0;
							};
						};
					};
					CBF45A215F70E9E53AD0E5EC = {
						SystemCapabilities = {
							com.apple.ApplicationGroups.iOS = {
								enabled = 0;
							};
							com.apple.HardenedRuntime = {
								enabled = 0;
							};
							com.apple.InAppPurchase = {
								enabled = 0;
							};
							com.apple.InterAppAudio = {
								enabled = 0;
							};
							com.apple.Push = {
								enabled = 0;
							};
							com.apple.Sandbox = {
								enabled = 0;
							};
						};
					};
					F5B4BB11AD0A015D53013CEB = {
						SystemCapabilities = {
							com.apple.ApplicationGroups.iOS = {
								enabled = 0;
							};
							com.apple.HardenedRuntime = {
								enabled = 0;
							};
							com.apple.InAppPurchase = {
								enabled = 0;
							};
							com.apple.InterAppAudio = {
								enabled = 0;
							};
							com.apple.Push = {
								enabled = 0;
							};
							com.apple.Sandbox = {
								enabled = 0;
							};
						};
					};
					F62C41C469F117BDE7C1433B = {
						SystemCapabilities = {
							com.apple.ApplicationGroups.iOS = {
								enabled = 0;
							};
							com.apple.HardenedRuntime = {
								enabled = 0;
							};
							com.apple.InAppPurchase = {
								enabled = 0;
							};
							com.apple.InterAppAudio = {
								enabled = 0;
							};
							com.apple.Push = {
								enabled = 0;
							};
							com.apple.Sandbox = {
								enabled = 0;
							};
						};
					};
				};
			};
			buildConfigurationList = 05EA59D78F5A0E4B4C2D404E /* Build configuration list for PBXProject "laserShotSynth" */;
			compatibilityVersion = "Xcode 3.2";
			developmentRegion = en;
			hasScannedForEncodings = 0;
			knownRegions = (
				en,
				Base,
			);
			mainGroup = 20E62E86E13C7C79F684FA87 /* Source */;
			projectDirPath = "";
			projectRoot = "";
			targets = (
				F5B4BB11AD0A015D53013CEB /* laserShotSynth - All */,
				CBF45A215F70E9E53AD0E5EC /* laserShotSynth - VST3 */,
				B29388FA6A5D92785930AA44 /* laserShotSynth - AU */,
				F62C41C469F117BDE7C1433B /* laserShotSynth - Standalone Plugin */,
				388E31113ED426BEF78701AF /* laserShotSynth - Shared Code */,
			);
		};
/* End PBXProject section */

/* Begin PBXResourcesBuildPhase section */
		60A8BD26D8DF905148102D3B /* Resources */ = {
			isa = PBXResourcesBuildPhase;
			buildActionMask = 2147483647;
			files = (
				0680739E275F88AF00090A67 /* RecentFilesMenuTemplate.nib in Resources */,
			);
			runOnlyForDeploymentPostprocessing = 0;
		};
		9F457292A102A6BF5417A276 /* Resources */ = {
			isa = PBXResourcesBuildPhase;
			buildActionMask = 2147483647;
			files = (
				068073AB275F88AF00090A67 /* RecentFilesMenuTemplate.nib in Resources */,
			);
			runOnlyForDeploymentPostprocessing = 0;
		};
		E7912CFDE40ACF84A9B247EB /* Resources */ = {
			isa = PBXResourcesBuildPhase;
			buildActionMask = 2147483647;
			files = (
				8E2FD90B0012C02AA7EA3579 /* RecentFilesMenuTemplate.nib in Resources */,
			);
			runOnlyForDeploymentPostprocessing = 0;
		};
/* End PBXResourcesBuildPhase section */

/* Begin PBXRezBuildPhase section */
		0027E3E69E39392220C23841 /* Rez */ = {
			isa = PBXRezBuildPhase;
			buildActionMask = 2147483647;
			files = (
				D5B766CC5404DF89723186E9 /* include_juce_audio_plugin_client_AU.r in Rez */,
			);
			runOnlyForDeploymentPostprocessing = 0;
		};
/* End PBXRezBuildPhase section */

/* Begin PBXSourcesBuildPhase section */
		3D2DD1E0E1B14A5DF0CA0CEF /* Sources */ = {
			isa = PBXSourcesBuildPhase;
			buildActionMask = 2147483647;
			files = (
				987DBA2ACB502200299D9CC8 /* PluginProcessor.cpp in Sources */,
				F0B28306922C1FF41967EBD8 /* PluginEditor.cpp in Sources */,
				C843114E8277C413944E8CD3 /* include_juce_audio_basics.mm in Sources */,
				F12EF94317860A0DC8270505 /* include_juce_audio_devices.mm in Sources */,
				CBDFFADF79ADCFE7FE74855A /* include_juce_audio_formats.mm in Sources */,
				DDA4E1DF61F606C6A57102D4 /* include_juce_audio_plugin_client_utils.cpp in Sources */,
				0EE7E1A5B8260D65E99F0EB3 /* include_juce_audio_plugin_client_VST_utils.mm in Sources */,
				88DCA77B08497386741417C6 /* include_juce_audio_processors.mm in Sources */,
				9EBA4C5821C423937C5FCD31 /* include_juce_audio_utils.mm in Sources */,
				B5281DD9855D8F5041730C09 /* include_juce_core.mm in Sources */,
				EA0479C4D47E8A6B028271FA /* include_juce_data_structures.mm in Sources */,
				581D888369D66972022F671F /* include_juce_dsp.mm in Sources */,
				7C9CE05F0844F160A3C825CD /* include_juce_events.mm in Sources */,
				B669E0C45EE3F56FD3BC824B /* include_juce_graphics.mm in Sources */,
				3A368B0DC65922655D9BDB7F /* include_juce_gui_basics.mm in Sources */,
				9EAC48A46A1B605276FCAC42 /* include_juce_gui_extra.mm in Sources */,
			);
			runOnlyForDeploymentPostprocessing = 0;
		};
		402D441E012B1E182A4B5B5B /* Sources */ = {
			isa = PBXSourcesBuildPhase;
			buildActionMask = 2147483647;
			files = (
				4B5DB22603370911B6695C32 /* include_juce_audio_plugin_client_VST3.cpp in Sources */,
			);
			runOnlyForDeploymentPostprocessing = 0;
		};
		A0A33D4E4029F8AB8181AF72 /* Sources */ = {
			isa = PBXSourcesBuildPhase;
			buildActionMask = 2147483647;
			files = (
				F136513373E74E76DFE7E27B /* include_juce_audio_plugin_client_AU_1.mm in Sources */,
				25E23BBCF7167A8B228CE2FC /* include_juce_audio_plugin_client_AU_2.mm in Sources */,
			);
			runOnlyForDeploymentPostprocessing = 0;
		};
		A2F27AF28B21229733C92191 /* Sources */ = {
			isa = PBXSourcesBuildPhase;
			buildActionMask = 2147483647;
			files = (
				0A89D73EB043BA985A21BCE9 /* include_juce_audio_plugin_client_Standalone.cpp in Sources */,
			);
			runOnlyForDeploymentPostprocessing = 0;
		};
/* End PBXSourcesBuildPhase section */

/* Begin PBXTargetDependency section */
		0ACF3475B696873636A9B511 /* PBXTargetDependency */ = {
			isa = PBXTargetDependency;
			target = 388E31113ED426BEF78701AF /* laserShotSynth - Shared Code */;
			targetProxy = 068073BE275F88AF00090A67 /* PBXContainerItemProxy */;
		};
		27C72AB6F3A68387F906E2DB /* PBXTargetDependency */ = {
			isa = PBXTargetDependency;
			target = 388E31113ED426BEF78701AF /* laserShotSynth - Shared Code */;
			targetProxy = 068073BA275F88AF00090A67 /* PBXContainerItemProxy */;
		};
		2A0328B5573DE824476CB0EE /* PBXTargetDependency */ = {
			isa = PBXTargetDependency;
			target = F62C41C469F117BDE7C1433B /* laserShotSynth - Standalone Plugin */;
			targetProxy = 068073BD275F88AF00090A67 /* PBXContainerItemProxy */;
		};
		2F0D9DF62D9F72692FA50D6C /* PBXTargetDependency */ = {
			isa = PBXTargetDependency;
			target = CBF45A215F70E9E53AD0E5EC /* laserShotSynth - VST3 */;
			targetProxy = 068073BB275F88AF00090A67 /* PBXContainerItemProxy */;
		};
		94BEC0A30B6C6F363EF33A71 /* PBXTargetDependency */ = {
			isa = PBXTargetDependency;
			target = 388E31113ED426BEF78701AF /* laserShotSynth - Shared Code */;
			targetProxy = 068073B8275F88AF00090A67 /* PBXContainerItemProxy */;
		};
		98757E7B9248662DFB98E24B /* PBXTargetDependency */ = {
			isa = PBXTargetDependency;
			target = 388E31113ED426BEF78701AF /* laserShotSynth - Shared Code */;
			targetProxy = 068073B9275F88AF00090A67 /* PBXContainerItemProxy */;
		};
		B2BCBAD1600F64EE114834CA /* PBXTargetDependency */ = {
			isa = PBXTargetDependency;
			target = B29388FA6A5D92785930AA44 /* laserShotSynth - AU */;
			targetProxy = 068073BC275F88AF00090A67 /* PBXContainerItemProxy */;
		};
/* End PBXTargetDependency section */

/* Begin XCBuildConfiguration section */
		266668AB800A2B928BCAA5ED /* Debug */ = {
			isa = XCBuildConfiguration;
			buildSettings = {
				CLANG_CXX_LANGUAGE_STANDARD = "c++14";
				CLANG_CXX_LIBRARY = "libc++";
				CLANG_LINK_OBJC_RUNTIME = NO;
				CODE_SIGN_IDENTITY = "";
				COMBINE_HIDPI_IMAGES = YES;
				CONFIGURATION_BUILD_DIR = "$(PROJECT_DIR)/build/$(CONFIGURATION)";
				COPY_PHASE_STRIP = NO;
				GCC_DYNAMIC_NO_PIC = NO;
				GCC_OPTIMIZATION_LEVEL = 0;
				GCC_PREPROCESSOR_DEFINITIONS = (
					"_DEBUG=1",
					"DEBUG=1",
					"JUCE_DISPLAY_SPLASH_SCREEN=1",
					"JUCE_USE_DARK_SPLASH_SCREEN=1",
					"JUCE_PROJUCER_VERSION=0x60101",
					"JUCE_MODULE_AVAILABLE_juce_audio_basics=1",
					"JUCE_MODULE_AVAILABLE_juce_audio_devices=1",
					"JUCE_MODULE_AVAILABLE_juce_audio_formats=1",
					"JUCE_MODULE_AVAILABLE_juce_audio_plugin_client=1",
					"JUCE_MODULE_AVAILABLE_juce_audio_processors=1",
					"JUCE_MODULE_AVAILABLE_juce_audio_utils=1",
					"JUCE_MODULE_AVAILABLE_juce_core=1",
					"JUCE_MODULE_AVAILABLE_juce_data_structures=1",
					"JUCE_MODULE_AVAILABLE_juce_dsp=1",
					"JUCE_MODULE_AVAILABLE_juce_events=1",
					"JUCE_MODULE_AVAILABLE_juce_graphics=1",
					"JUCE_MODULE_AVAILABLE_juce_gui_basics=1",
					"JUCE_MODULE_AVAILABLE_juce_gui_extra=1",
					"JUCE_GLOBAL_MODULE_SETTINGS_INCLUDED=1",
					"JUCE_VST3_CAN_REPLACE_VST2=0",
					"JUCE_STRICT_REFCOUNTEDPOINTER=1",
					"JucePlugin_Build_VST=0",
					"JucePlugin_Build_VST3=0",
					"JucePlugin_Build_AU=0",
					"JucePlugin_Build_AUv3=0",
					"JucePlugin_Build_RTAS=0",
					"JucePlugin_Build_AAX=0",
					"JucePlugin_Build_Standalone=1",
					"JucePlugin_Build_Unity=0",
					"JucePlugin_Enable_IAA=0",
					"JucePlugin_Name=\\\"laserShotSynth\\\"",
					"JucePlugin_Desc=\\\"laserShotSynth\\\"",
					"JucePlugin_Manufacturer=\\\"yourcompany\\\"",
					"JucePlugin_ManufacturerWebsite=\\\"\\\"",
					"JucePlugin_ManufacturerEmail=\\\"\\\"",
					"JucePlugin_ManufacturerCode=0x4d616e75",
					"JucePlugin_PluginCode=0x57707636",
					"JucePlugin_IsSynth=1",
					"JucePlugin_WantsMidiInput=1",
					"JucePlugin_ProducesMidiOutput=0",
					"JucePlugin_IsMidiEffect=0",
					"JucePlugin_EditorRequiresKeyboardFocus=0",
					"JucePlugin_Version=1.0.0",
					"JucePlugin_VersionCode=0x10000",
					"JucePlugin_VersionString=\\\"1.0.0\\\"",
					"JucePlugin_VSTUniqueID=JucePlugin_PluginCode",
					"JucePlugin_VSTCategory=kPlugCategSynth",
					"JucePlugin_Vst3Category=\\\"Instrument|Synth\\\"",
					"JucePlugin_AUMainType='aumu'",
					"JucePlugin_AUSubType=JucePlugin_PluginCode",
					"JucePlugin_AUExportPrefix=laserShotSynthAU",
					"JucePlugin_AUExportPrefixQuoted=\\\"laserShotSynthAU\\\"",
					"JucePlugin_AUManufacturerCode=JucePlugin_ManufacturerCode",
					"JucePlugin_CFBundleIdentifier=com.yourcompany.laserShotSynth",
					"JucePlugin_RTASCategory=2048",
					"JucePlugin_RTASManufacturerCode=JucePlugin_ManufacturerCode",
					"JucePlugin_RTASProductId=JucePlugin_PluginCode",
					"JucePlugin_RTASDisableBypass=0",
					"JucePlugin_RTASDisableMultiMono=0",
					"JucePlugin_AAXIdentifier=com.yourcompany.laserShotSynth",
					"JucePlugin_AAXManufacturerCode=JucePlugin_ManufacturerCode",
					"JucePlugin_AAXProductId=JucePlugin_PluginCode",
					"JucePlugin_AAXCategory=2048",
					"JucePlugin_AAXDisableBypass=0",
					"JucePlugin_AAXDisableMultiMono=0",
					"JucePlugin_IAAType=0x61757269",
					"JucePlugin_IAASubType=JucePlugin_PluginCode",
					"JucePlugin_IAAName=\\\"yourcompany:\\ laserShotSynth\\\"",
					"JucePlugin_VSTNumMidiInputs=16",
					"JucePlugin_VSTNumMidiOutputs=16",
					"JUCE_STANDALONE_APPLICATION=JucePlugin_Build_Standalone",
					"JUCER_XCODE_MAC_F6D2F4CF=1",
					"JUCE_APP_VERSION=1.0.0",
					"JUCE_APP_VERSION_HEX=0x10000",
				);
				GCC_VERSION = com.apple.compilers.llvm.clang.1_0;
				HEADER_SEARCH_PATHS = (
					"$(HOME)/JUCE/modules/juce_audio_processors/format_types/VST3_SDK",
					"$(SRCROOT)/../../JuceLibraryCode",
					"$(HOME)/JUCE/modules",
					"$(HOME)/JUCE/modules/juce_audio_plugin_client",
					"$(inherited)",
				);
				INFOPLIST_FILE = "Info-Standalone_Plugin.plist";
				INFOPLIST_PREPROCESS = NO;
				MACOSX_DEPLOYMENT_TARGET = 10.11;
				MTL_HEADER_SEARCH_PATHS = "$(HOME)/JUCE/modules/juce_audio_processors/format_types/VST3_SDK $(SRCROOT)/../../JuceLibraryCode $(HOME)/JUCE/modules $(HOME)/JUCE/modules/juce_audio_plugin_client";
				OTHER_LDFLAGS = "-llaserShotSynth";
				PRODUCT_BUNDLE_IDENTIFIER = com.yourcompany.laserShotSynth;
				PRODUCT_NAME = laserShotSynth;
				USE_HEADERMAP = NO;
				VALID_ARCHS = "i386 x86_64 arm64 arm64e";
			};
			name = Debug;
		};
		618758EDB4DDFD3C5D8D7F42 /* Release */ = {
			isa = XCBuildConfiguration;
			buildSettings = {
				CLANG_CXX_LANGUAGE_STANDARD = "c++14";
				CLANG_CXX_LIBRARY = "libc++";
				CLANG_LINK_OBJC_RUNTIME = NO;
				CODE_SIGN_IDENTITY = "";
				COMBINE_HIDPI_IMAGES = YES;
				CONFIGURATION_BUILD_DIR = "$(PROJECT_DIR)/build/$(CONFIGURATION)";
				DEAD_CODE_STRIPPING = YES;
				GCC_GENERATE_DEBUGGING_SYMBOLS = NO;
				GCC_OPTIMIZATION_LEVEL = 3;
				GCC_PREPROCESSOR_DEFINITIONS = (
					"_NDEBUG=1",
					"NDEBUG=1",
					"JUCE_DISPLAY_SPLASH_SCREEN=1",
					"JUCE_USE_DARK_SPLASH_SCREEN=1",
					"JUCE_PROJUCER_VERSION=0x60101",
					"JUCE_MODULE_AVAILABLE_juce_audio_basics=1",
					"JUCE_MODULE_AVAILABLE_juce_audio_devices=1",
					"JUCE_MODULE_AVAILABLE_juce_audio_formats=1",
					"JUCE_MODULE_AVAILABLE_juce_audio_plugin_client=1",
					"JUCE_MODULE_AVAILABLE_juce_audio_processors=1",
					"JUCE_MODULE_AVAILABLE_juce_audio_utils=1",
					"JUCE_MODULE_AVAILABLE_juce_core=1",
					"JUCE_MODULE_AVAILABLE_juce_data_structures=1",
					"JUCE_MODULE_AVAILABLE_juce_dsp=1",
					"JUCE_MODULE_AVAILABLE_juce_events=1",
					"JUCE_MODULE_AVAILABLE_juce_graphics=1",
					"JUCE_MODULE_AVAILABLE_juce_gui_basics=1",
					"JUCE_MODULE_AVAILABLE_juce_gui_extra=1",
					"JUCE_GLOBAL_MODULE_SETTINGS_INCLUDED=1",
					"JUCE_VST3_CAN_REPLACE_VST2=0",
					"JUCE_STRICT_REFCOUNTEDPOINTER=1",
					"JucePlugin_Build_VST=0",
					"JucePlugin_Build_VST3=0",
					"JucePlugin_Build_AU=0",
					"JucePlugin_Build_AUv3=0",
					"JucePlugin_Build_RTAS=0",
					"JucePlugin_Build_AAX=0",
					"JucePlugin_Build_Standalone=1",
					"JucePlugin_Build_Unity=0",
					"JucePlugin_Enable_IAA=0",
					"JucePlugin_Name=\\\"laserShotSynth\\\"",
					"JucePlugin_Desc=\\\"laserShotSynth\\\"",
					"JucePlugin_Manufacturer=\\\"yourcompany\\\"",
					"JucePlugin_ManufacturerWebsite=\\\"\\\"",
					"JucePlugin_ManufacturerEmail=\\\"\\\"",
					"JucePlugin_ManufacturerCode=0x4d616e75",
					"JucePlugin_PluginCode=0x57707636",
					"JucePlugin_IsSynth=1",
					"JucePlugin_WantsMidiInput=1",
					"JucePlugin_ProducesMidiOutput=0",
					"JucePlugin_IsMidiEffect=0",
					"JucePlugin_EditorRequiresKeyboardFocus=0",
					"JucePlugin_Version=1.0.0",
					"JucePlugin_VersionCode=0x10000",
					"JucePlugin_VersionString=\\\"1.0.0\\\"",
					"JucePlugin_VSTUniqueID=JucePlugin_PluginCode",
					"JucePlugin_VSTCategory=kPlugCategSynth",
					"JucePlugin_Vst3Category=\\\"Instrument|Synth\\\"",
					"JucePlugin_AUMainType='aumu'",
					"JucePlugin_AUSubType=JucePlugin_PluginCode",
					"JucePlugin_AUExportPrefix=laserShotSynthAU",
					"JucePlugin_AUExportPrefixQuoted=\\\"laserShotSynthAU\\\"",
					"JucePlugin_AUManufacturerCode=JucePlugin_ManufacturerCode",
					"JucePlugin_CFBundleIdentifier=com.yourcompany.laserShotSynth",
					"JucePlugin_RTASCategory=2048",
					"JucePlugin_RTASManufacturerCode=JucePlugin_ManufacturerCode",
					"JucePlugin_RTASProductId=JucePlugin_PluginCode",
					"JucePlugin_RTASDisableBypass=0",
					"JucePlugin_RTASDisableMultiMono=0",
					"JucePlugin_AAXIdentifier=com.yourcompany.laserShotSynth",
					"JucePlugin_AAXManufacturerCode=JucePlugin_ManufacturerCode",
					"JucePlugin_AAXProductId=JucePlugin_PluginCode",
					"JucePlugin_AAXCategory=2048",
					"JucePlugin_AAXDisableBypass=0",
					"JucePlugin_AAXDisableMultiMono=0",
					"JucePlugin_IAAType=0x61757269",
					"JucePlugin_IAASubType=JucePlugin_PluginCode",
					"JucePlugin_IAAName=\\\"yourcompany:\\ laserShotSynth\\\"",
					"JucePlugin_VSTNumMidiInputs=16",
					"JucePlugin_VSTNumMidiOutputs=16",
					"JUCE_STANDALONE_APPLICATION=JucePlugin_Build_Standalone",
					"JUCER_XCODE_MAC_F6D2F4CF=1",
					"JUCE_APP_VERSION=1.0.0",
					"JUCE_APP_VERSION_HEX=0x10000",
				);
				GCC_VERSION = com.apple.compilers.llvm.clang.1_0;
				HEADER_SEARCH_PATHS = (
					"$(HOME)/JUCE/modules/juce_audio_processors/format_types/VST3_SDK",
					"$(SRCROOT)/../../JuceLibraryCode",
					"$(HOME)/JUCE/modules",
					"$(HOME)/JUCE/modules/juce_audio_plugin_client",
					"$(inherited)",
				);
				INFOPLIST_FILE = "Info-Standalone_Plugin.plist";
				INFOPLIST_PREPROCESS = NO;
				LLVM_LTO = YES;
				MACOSX_DEPLOYMENT_TARGET = 10.11;
				MTL_HEADER_SEARCH_PATHS = "$(HOME)/JUCE/modules/juce_audio_processors/format_types/VST3_SDK $(SRCROOT)/../../JuceLibraryCode $(HOME)/JUCE/modules $(HOME)/JUCE/modules/juce_audio_plugin_client";
				OTHER_LDFLAGS = "-llaserShotSynth";
				PRODUCT_BUNDLE_IDENTIFIER = com.yourcompany.laserShotSynth;
				PRODUCT_NAME = laserShotSynth;
				USE_HEADERMAP = NO;
				VALID_ARCHS = "i386 x86_64 arm64 arm64e";
			};
			name = Release;
		};
		6306408A4B844437AAC87990 /* Debug */ = {
			isa = XCBuildConfiguration;
			buildSettings = {
				MACOSX_DEPLOYMENT_TARGET = 10.11;
				SDKROOT = macosx;
			};
			name = Debug;
		};
		88B338ADB9E0483085F6A701 /* Release */ = {
			isa = XCBuildConfiguration;
			buildSettings = {
				CLANG_CXX_LANGUAGE_STANDARD = "c++14";
				CLANG_CXX_LIBRARY = "libc++";
				CLANG_LINK_OBJC_RUNTIME = NO;
				CODE_SIGN_IDENTITY = "";
				COMBINE_HIDPI_IMAGES = YES;
				CONFIGURATION_BUILD_DIR = "$(PROJECT_DIR)/build/$(CONFIGURATION)";
				DEAD_CODE_STRIPPING = YES;
				DEPLOYMENT_LOCATION = YES;
				DSTROOT = /;
				GCC_GENERATE_DEBUGGING_SYMBOLS = NO;
				GCC_OPTIMIZATION_LEVEL = 3;
				GCC_PREPROCESSOR_DEFINITIONS = (
					"_NDEBUG=1",
					"NDEBUG=1",
					"JUCE_DISPLAY_SPLASH_SCREEN=1",
					"JUCE_USE_DARK_SPLASH_SCREEN=1",
					"JUCE_PROJUCER_VERSION=0x60101",
					"JUCE_MODULE_AVAILABLE_juce_audio_basics=1",
					"JUCE_MODULE_AVAILABLE_juce_audio_devices=1",
					"JUCE_MODULE_AVAILABLE_juce_audio_formats=1",
					"JUCE_MODULE_AVAILABLE_juce_audio_plugin_client=1",
					"JUCE_MODULE_AVAILABLE_juce_audio_processors=1",
					"JUCE_MODULE_AVAILABLE_juce_audio_utils=1",
					"JUCE_MODULE_AVAILABLE_juce_core=1",
					"JUCE_MODULE_AVAILABLE_juce_data_structures=1",
					"JUCE_MODULE_AVAILABLE_juce_dsp=1",
					"JUCE_MODULE_AVAILABLE_juce_events=1",
					"JUCE_MODULE_AVAILABLE_juce_graphics=1",
					"JUCE_MODULE_AVAILABLE_juce_gui_basics=1",
					"JUCE_MODULE_AVAILABLE_juce_gui_extra=1",
					"JUCE_GLOBAL_MODULE_SETTINGS_INCLUDED=1",
					"JUCE_VST3_CAN_REPLACE_VST2=0",
					"JUCE_STRICT_REFCOUNTEDPOINTER=1",
					"JucePlugin_Build_VST=0",
					"JucePlugin_Build_VST3=0",
					"JucePlugin_Build_AU=1",
					"JucePlugin_Build_AUv3=0",
					"JucePlugin_Build_RTAS=0",
					"JucePlugin_Build_AAX=0",
					"JucePlugin_Build_Standalone=0",
					"JucePlugin_Build_Unity=0",
					"JucePlugin_Enable_IAA=0",
					"JucePlugin_Name=\\\"laserShotSynth\\\"",
					"JucePlugin_Desc=\\\"laserShotSynth\\\"",
					"JucePlugin_Manufacturer=\\\"yourcompany\\\"",
					"JucePlugin_ManufacturerWebsite=\\\"\\\"",
					"JucePlugin_ManufacturerEmail=\\\"\\\"",
					"JucePlugin_ManufacturerCode=0x4d616e75",
					"JucePlugin_PluginCode=0x57707636",
					"JucePlugin_IsSynth=1",
					"JucePlugin_WantsMidiInput=1",
					"JucePlugin_ProducesMidiOutput=0",
					"JucePlugin_IsMidiEffect=0",
					"JucePlugin_EditorRequiresKeyboardFocus=0",
					"JucePlugin_Version=1.0.0",
					"JucePlugin_VersionCode=0x10000",
					"JucePlugin_VersionString=\\\"1.0.0\\\"",
					"JucePlugin_VSTUniqueID=JucePlugin_PluginCode",
					"JucePlugin_VSTCategory=kPlugCategSynth",
					"JucePlugin_Vst3Category=\\\"Instrument|Synth\\\"",
					"JucePlugin_AUMainType='aumu'",
					"JucePlugin_AUSubType=JucePlugin_PluginCode",
					"JucePlugin_AUExportPrefix=laserShotSynthAU",
					"JucePlugin_AUExportPrefixQuoted=\\\"laserShotSynthAU\\\"",
					"JucePlugin_AUManufacturerCode=JucePlugin_ManufacturerCode",
					"JucePlugin_CFBundleIdentifier=com.yourcompany.laserShotSynth",
					"JucePlugin_RTASCategory=2048",
					"JucePlugin_RTASManufacturerCode=JucePlugin_ManufacturerCode",
					"JucePlugin_RTASProductId=JucePlugin_PluginCode",
					"JucePlugin_RTASDisableBypass=0",
					"JucePlugin_RTASDisableMultiMono=0",
					"JucePlugin_AAXIdentifier=com.yourcompany.laserShotSynth",
					"JucePlugin_AAXManufacturerCode=JucePlugin_ManufacturerCode",
					"JucePlugin_AAXProductId=JucePlugin_PluginCode",
					"JucePlugin_AAXCategory=2048",
					"JucePlugin_AAXDisableBypass=0",
					"JucePlugin_AAXDisableMultiMono=0",
					"JucePlugin_IAAType=0x61757269",
					"JucePlugin_IAASubType=JucePlugin_PluginCode",
					"JucePlugin_IAAName=\\\"yourcompany:\\ laserShotSynth\\\"",
					"JucePlugin_VSTNumMidiInputs=16",
					"JucePlugin_VSTNumMidiOutputs=16",
					"JUCE_STANDALONE_APPLICATION=JucePlugin_Build_Standalone",
					"JUCER_XCODE_MAC_F6D2F4CF=1",
					"JUCE_APP_VERSION=1.0.0",
					"JUCE_APP_VERSION_HEX=0x10000",
				);
				GCC_VERSION = com.apple.compilers.llvm.clang.1_0;
				GENERATE_PKGINFO_FILE = YES;
				HEADER_SEARCH_PATHS = (
					"$(HOME)/JUCE/modules/juce_audio_processors/format_types/VST3_SDK",
					"$(SRCROOT)/../../JuceLibraryCode",
					"$(HOME)/JUCE/modules",
					"$(HOME)/JUCE/modules/juce_audio_plugin_client",
					"$(inherited)",
				);
				INFOPLIST_FILE = "Info-AU.plist";
				INFOPLIST_PREPROCESS = NO;
				INSTALL_PATH = "$(HOME)/Library/Audio/Plug-Ins/Components/";
				LIBRARY_STYLE = Bundle;
				LLVM_LTO = YES;
				MACOSX_DEPLOYMENT_TARGET = 10.11;
				MTL_HEADER_SEARCH_PATHS = "$(HOME)/JUCE/modules/juce_audio_processors/format_types/VST3_SDK $(SRCROOT)/../../JuceLibraryCode $(HOME)/JUCE/modules $(HOME)/JUCE/modules/juce_audio_plugin_client";
				OTHER_LDFLAGS = (
					"-bundle",
					"-llaserShotSynth",
				);
				OTHER_REZFLAGS = "-d ppc_$ppc -d i386_$i386 -d ppc64_$ppc64 -d x86_64_$x86_64 -d arm64_$arm64 -I /System/Library/Frameworks/CoreServices.framework/Frameworks/CarbonCore.framework/Versions/A/Headers -I \"$(DEVELOPER_DIR)/Extras/CoreAudio/AudioUnits/AUPublic/AUBase\" -I \"$(DEVELOPER_DIR)/Platforms/MacOSX.platform/Developer/SDKs/MacOSX.sdk/System/Library/Frameworks/AudioUnit.framework/Headers\"";
				PRODUCT_BUNDLE_IDENTIFIER = com.yourcompany.laserShotSynth;
				PRODUCT_NAME = laserShotSynth;
				USE_HEADERMAP = NO;
				VALID_ARCHS = "i386 x86_64 arm64 arm64e";
				WRAPPER_EXTENSION = component;
			};
			name = Release;
		};
		99BF3F6DBD09DCA97BB0E65A /* Release */ = {
			isa = XCBuildConfiguration;
			buildSettings = {
				CLANG_CXX_LANGUAGE_STANDARD = "c++14";
				CLANG_CXX_LIBRARY = "libc++";
				CLANG_LINK_OBJC_RUNTIME = NO;
				CODE_SIGN_IDENTITY = "";
				COMBINE_HIDPI_IMAGES = YES;
				CONFIGURATION_BUILD_DIR = "$(PROJECT_DIR)/build/$(CONFIGURATION)";
				DEAD_CODE_STRIPPING = YES;
				DEPLOYMENT_LOCATION = YES;
				DSTROOT = /;
				GCC_GENERATE_DEBUGGING_SYMBOLS = NO;
				GCC_OPTIMIZATION_LEVEL = 3;
				GCC_PREPROCESSOR_DEFINITIONS = (
					"_NDEBUG=1",
					"NDEBUG=1",
					"JUCE_DISPLAY_SPLASH_SCREEN=1",
					"JUCE_USE_DARK_SPLASH_SCREEN=1",
					"JUCE_PROJUCER_VERSION=0x60101",
					"JUCE_MODULE_AVAILABLE_juce_audio_basics=1",
					"JUCE_MODULE_AVAILABLE_juce_audio_devices=1",
					"JUCE_MODULE_AVAILABLE_juce_audio_formats=1",
					"JUCE_MODULE_AVAILABLE_juce_audio_plugin_client=1",
					"JUCE_MODULE_AVAILABLE_juce_audio_processors=1",
					"JUCE_MODULE_AVAILABLE_juce_audio_utils=1",
					"JUCE_MODULE_AVAILABLE_juce_core=1",
					"JUCE_MODULE_AVAILABLE_juce_data_structures=1",
					"JUCE_MODULE_AVAILABLE_juce_dsp=1",
					"JUCE_MODULE_AVAILABLE_juce_events=1",
					"JUCE_MODULE_AVAILABLE_juce_graphics=1",
					"JUCE_MODULE_AVAILABLE_juce_gui_basics=1",
					"JUCE_MODULE_AVAILABLE_juce_gui_extra=1",
					"JUCE_GLOBAL_MODULE_SETTINGS_INCLUDED=1",
					"JUCE_VST3_CAN_REPLACE_VST2=0",
					"JUCE_STRICT_REFCOUNTEDPOINTER=1",
					"JucePlugin_Build_VST=0",
					"JucePlugin_Build_VST3=1",
					"JucePlugin_Build_AU=0",
					"JucePlugin_Build_AUv3=0",
					"JucePlugin_Build_RTAS=0",
					"JucePlugin_Build_AAX=0",
					"JucePlugin_Build_Standalone=0",
					"JucePlugin_Build_Unity=0",
					"JucePlugin_Enable_IAA=0",
					"JucePlugin_Name=\\\"laserShotSynth\\\"",
					"JucePlugin_Desc=\\\"laserShotSynth\\\"",
					"JucePlugin_Manufacturer=\\\"yourcompany\\\"",
					"JucePlugin_ManufacturerWebsite=\\\"\\\"",
					"JucePlugin_ManufacturerEmail=\\\"\\\"",
					"JucePlugin_ManufacturerCode=0x4d616e75",
					"JucePlugin_PluginCode=0x57707636",
					"JucePlugin_IsSynth=1",
					"JucePlugin_WantsMidiInput=1",
					"JucePlugin_ProducesMidiOutput=0",
					"JucePlugin_IsMidiEffect=0",
					"JucePlugin_EditorRequiresKeyboardFocus=0",
					"JucePlugin_Version=1.0.0",
					"JucePlugin_VersionCode=0x10000",
					"JucePlugin_VersionString=\\\"1.0.0\\\"",
					"JucePlugin_VSTUniqueID=JucePlugin_PluginCode",
					"JucePlugin_VSTCategory=kPlugCategSynth",
					"JucePlugin_Vst3Category=\\\"Instrument|Synth\\\"",
					"JucePlugin_AUMainType='aumu'",
					"JucePlugin_AUSubType=JucePlugin_PluginCode",
					"JucePlugin_AUExportPrefix=laserShotSynthAU",
					"JucePlugin_AUExportPrefixQuoted=\\\"laserShotSynthAU\\\"",
					"JucePlugin_AUManufacturerCode=JucePlugin_ManufacturerCode",
					"JucePlugin_CFBundleIdentifier=com.yourcompany.laserShotSynth",
					"JucePlugin_RTASCategory=2048",
					"JucePlugin_RTASManufacturerCode=JucePlugin_ManufacturerCode",
					"JucePlugin_RTASProductId=JucePlugin_PluginCode",
					"JucePlugin_RTASDisableBypass=0",
					"JucePlugin_RTASDisableMultiMono=0",
					"JucePlugin_AAXIdentifier=com.yourcompany.laserShotSynth",
					"JucePlugin_AAXManufacturerCode=JucePlugin_ManufacturerCode",
					"JucePlugin_AAXProductId=JucePlugin_PluginCode",
					"JucePlugin_AAXCategory=2048",
					"JucePlugin_AAXDisableBypass=0",
					"JucePlugin_AAXDisableMultiMono=0",
					"JucePlugin_IAAType=0x61757269",
					"JucePlugin_IAASubType=JucePlugin_PluginCode",
					"JucePlugin_IAAName=\\\"yourcompany:\\ laserShotSynth\\\"",
					"JucePlugin_VSTNumMidiInputs=16",
					"JucePlugin_VSTNumMidiOutputs=16",
					"JUCE_STANDALONE_APPLICATION=JucePlugin_Build_Standalone",
					"JUCER_XCODE_MAC_F6D2F4CF=1",
					"JUCE_APP_VERSION=1.0.0",
					"JUCE_APP_VERSION_HEX=0x10000",
				);
				GCC_VERSION = com.apple.compilers.llvm.clang.1_0;
				GENERATE_PKGINFO_FILE = YES;
				HEADER_SEARCH_PATHS = (
					"$(HOME)/JUCE/modules/juce_audio_processors/format_types/VST3_SDK",
					"$(SRCROOT)/../../JuceLibraryCode",
					"$(HOME)/JUCE/modules",
					"$(HOME)/JUCE/modules/juce_audio_plugin_client",
					"$(inherited)",
				);
				INFOPLIST_FILE = "Info-VST3.plist";
				INFOPLIST_PREPROCESS = NO;
				INSTALL_PATH = "$(HOME)/Library/Audio/Plug-Ins/VST3/";
				LIBRARY_STYLE = Bundle;
				LLVM_LTO = YES;
				MACOSX_DEPLOYMENT_TARGET = 10.11;
				MTL_HEADER_SEARCH_PATHS = "$(HOME)/JUCE/modules/juce_audio_processors/format_types/VST3_SDK $(SRCROOT)/../../JuceLibraryCode $(HOME)/JUCE/modules $(HOME)/JUCE/modules/juce_audio_plugin_client";
				OTHER_LDFLAGS = (
					"-bundle",
					"-llaserShotSynth",
				);
				PRODUCT_BUNDLE_IDENTIFIER = com.yourcompany.laserShotSynth;
				PRODUCT_NAME = laserShotSynth;
				USE_HEADERMAP = NO;
				VALID_ARCHS = "i386 x86_64 arm64 arm64e";
				WRAPPER_EXTENSION = vst3;
			};
			name = Release;
		};
		A893BAA84E7668D55C9F9058 /* Debug */ = {
			isa = XCBuildConfiguration;
			buildSettings = {
				CLANG_CXX_LANGUAGE_STANDARD = "c++14";
				CLANG_CXX_LIBRARY = "libc++";
				CLANG_LINK_OBJC_RUNTIME = NO;
				CODE_SIGN_IDENTITY = "";
				COMBINE_HIDPI_IMAGES = YES;
				CONFIGURATION_BUILD_DIR = "$(PROJECT_DIR)/build/$(CONFIGURATION)";
				COPY_PHASE_STRIP = NO;
				DEPLOYMENT_LOCATION = YES;
				DSTROOT = /;
				GCC_DYNAMIC_NO_PIC = NO;
				GCC_OPTIMIZATION_LEVEL = 0;
				GCC_PREPROCESSOR_DEFINITIONS = (
					"_DEBUG=1",
					"DEBUG=1",
					"JUCE_DISPLAY_SPLASH_SCREEN=1",
					"JUCE_USE_DARK_SPLASH_SCREEN=1",
					"JUCE_PROJUCER_VERSION=0x60101",
					"JUCE_MODULE_AVAILABLE_juce_audio_basics=1",
					"JUCE_MODULE_AVAILABLE_juce_audio_devices=1",
					"JUCE_MODULE_AVAILABLE_juce_audio_formats=1",
					"JUCE_MODULE_AVAILABLE_juce_audio_plugin_client=1",
					"JUCE_MODULE_AVAILABLE_juce_audio_processors=1",
					"JUCE_MODULE_AVAILABLE_juce_audio_utils=1",
					"JUCE_MODULE_AVAILABLE_juce_core=1",
					"JUCE_MODULE_AVAILABLE_juce_data_structures=1",
					"JUCE_MODULE_AVAILABLE_juce_dsp=1",
					"JUCE_MODULE_AVAILABLE_juce_events=1",
					"JUCE_MODULE_AVAILABLE_juce_graphics=1",
					"JUCE_MODULE_AVAILABLE_juce_gui_basics=1",
					"JUCE_MODULE_AVAILABLE_juce_gui_extra=1",
					"JUCE_GLOBAL_MODULE_SETTINGS_INCLUDED=1",
					"JUCE_VST3_CAN_REPLACE_VST2=0",
					"JUCE_STRICT_REFCOUNTEDPOINTER=1",
					"JucePlugin_Build_VST=0",
					"JucePlugin_Build_VST3=1",
					"JucePlugin_Build_AU=0",
					"JucePlugin_Build_AUv3=0",
					"JucePlugin_Build_RTAS=0",
					"JucePlugin_Build_AAX=0",
					"JucePlugin_Build_Standalone=0",
					"JucePlugin_Build_Unity=0",
					"JucePlugin_Enable_IAA=0",
					"JucePlugin_Name=\\\"laserShotSynth\\\"",
					"JucePlugin_Desc=\\\"laserShotSynth\\\"",
					"JucePlugin_Manufacturer=\\\"yourcompany\\\"",
					"JucePlugin_ManufacturerWebsite=\\\"\\\"",
					"JucePlugin_ManufacturerEmail=\\\"\\\"",
					"JucePlugin_ManufacturerCode=0x4d616e75",
					"JucePlugin_PluginCode=0x57707636",
					"JucePlugin_IsSynth=1",
					"JucePlugin_WantsMidiInput=1",
					"JucePlugin_ProducesMidiOutput=0",
					"JucePlugin_IsMidiEffect=0",
					"JucePlugin_EditorRequiresKeyboardFocus=0",
					"JucePlugin_Version=1.0.0",
					"JucePlugin_VersionCode=0x10000",
					"JucePlugin_VersionString=\\\"1.0.0\\\"",
					"JucePlugin_VSTUniqueID=JucePlugin_PluginCode",
					"JucePlugin_VSTCategory=kPlugCategSynth",
					"JucePlugin_Vst3Category=\\\"Instrument|Synth\\\"",
					"JucePlugin_AUMainType='aumu'",
					"JucePlugin_AUSubType=JucePlugin_PluginCode",
					"JucePlugin_AUExportPrefix=laserShotSynthAU",
					"JucePlugin_AUExportPrefixQuoted=\\\"laserShotSynthAU\\\"",
					"JucePlugin_AUManufacturerCode=JucePlugin_ManufacturerCode",
					"JucePlugin_CFBundleIdentifier=com.yourcompany.laserShotSynth",
					"JucePlugin_RTASCategory=2048",
					"JucePlugin_RTASManufacturerCode=JucePlugin_ManufacturerCode",
					"JucePlugin_RTASProductId=JucePlugin_PluginCode",
					"JucePlugin_RTASDisableBypass=0",
					"JucePlugin_RTASDisableMultiMono=0",
					"JucePlugin_AAXIdentifier=com.yourcompany.laserShotSynth",
					"JucePlugin_AAXManufacturerCode=JucePlugin_ManufacturerCode",
					"JucePlugin_AAXProductId=JucePlugin_PluginCode",
					"JucePlugin_AAXCategory=2048",
					"JucePlugin_AAXDisableBypass=0",
					"JucePlugin_AAXDisableMultiMono=0",
					"JucePlugin_IAAType=0x61757269",
					"JucePlugin_IAASubType=JucePlugin_PluginCode",
					"JucePlugin_IAAName=\\\"yourcompany:\\ laserShotSynth\\\"",
					"JucePlugin_VSTNumMidiInputs=16",
					"JucePlugin_VSTNumMidiOutputs=16",
					"JUCE_STANDALONE_APPLICATION=JucePlugin_Build_Standalone",
					"JUCER_XCODE_MAC_F6D2F4CF=1",
					"JUCE_APP_VERSION=1.0.0",
					"JUCE_APP_VERSION_HEX=0x10000",
				);
				GCC_VERSION = com.apple.compilers.llvm.clang.1_0;
				GENERATE_PKGINFO_FILE = YES;
				HEADER_SEARCH_PATHS = (
					"$(HOME)/JUCE/modules/juce_audio_processors/format_types/VST3_SDK",
					"$(SRCROOT)/../../JuceLibraryCode",
					"$(HOME)/JUCE/modules",
					"$(HOME)/JUCE/modules/juce_audio_plugin_client",
					"$(inherited)",
				);
				INFOPLIST_FILE = "Info-VST3.plist";
				INFOPLIST_PREPROCESS = NO;
				INSTALL_PATH = "$(HOME)/Library/Audio/Plug-Ins/VST3/";
				LIBRARY_STYLE = Bundle;
				MACOSX_DEPLOYMENT_TARGET = 10.11;
				MTL_HEADER_SEARCH_PATHS = "$(HOME)/JUCE/modules/juce_audio_processors/format_types/VST3_SDK $(SRCROOT)/../../JuceLibraryCode $(HOME)/JUCE/modules $(HOME)/JUCE/modules/juce_audio_plugin_client";
				OTHER_LDFLAGS = (
					"-bundle",
					"-llaserShotSynth",
				);
				PRODUCT_BUNDLE_IDENTIFIER = com.yourcompany.laserShotSynth;
				PRODUCT_NAME = laserShotSynth;
				USE_HEADERMAP = NO;
				VALID_ARCHS = "i386 x86_64 arm64 arm64e";
				WRAPPER_EXTENSION = vst3;
			};
			name = Debug;
		};
		BA5614A9548CCD685DDD95E9 /* Release */ = {
			isa = XCBuildConfiguration;
			buildSettings = {
				MACOSX_DEPLOYMENT_TARGET = 10.11;
				SDKROOT = macosx;
			};
			name = Release;
		};
		DD00B39EFEFC1EDF0D5AF2EC /* Debug */ = {
			isa = XCBuildConfiguration;
			buildSettings = {
				CLANG_CXX_LANGUAGE_STANDARD = "c++14";
				CLANG_CXX_LIBRARY = "libc++";
				CLANG_LINK_OBJC_RUNTIME = NO;
				CODE_SIGN_IDENTITY = "";
				COMBINE_HIDPI_IMAGES = YES;
				CONFIGURATION_BUILD_DIR = "$(PROJECT_DIR)/build/$(CONFIGURATION)";
				COPY_PHASE_STRIP = NO;
				DEPLOYMENT_LOCATION = YES;
				DSTROOT = /;
				GCC_DYNAMIC_NO_PIC = NO;
				GCC_OPTIMIZATION_LEVEL = 0;
				GCC_PREPROCESSOR_DEFINITIONS = (
					"_DEBUG=1",
					"DEBUG=1",
					"JUCE_DISPLAY_SPLASH_SCREEN=1",
					"JUCE_USE_DARK_SPLASH_SCREEN=1",
					"JUCE_PROJUCER_VERSION=0x60101",
					"JUCE_MODULE_AVAILABLE_juce_audio_basics=1",
					"JUCE_MODULE_AVAILABLE_juce_audio_devices=1",
					"JUCE_MODULE_AVAILABLE_juce_audio_formats=1",
					"JUCE_MODULE_AVAILABLE_juce_audio_plugin_client=1",
					"JUCE_MODULE_AVAILABLE_juce_audio_processors=1",
					"JUCE_MODULE_AVAILABLE_juce_audio_utils=1",
					"JUCE_MODULE_AVAILABLE_juce_core=1",
					"JUCE_MODULE_AVAILABLE_juce_data_structures=1",
					"JUCE_MODULE_AVAILABLE_juce_dsp=1",
					"JUCE_MODULE_AVAILABLE_juce_events=1",
					"JUCE_MODULE_AVAILABLE_juce_graphics=1",
					"JUCE_MODULE_AVAILABLE_juce_gui_basics=1",
					"JUCE_MODULE_AVAILABLE_juce_gui_extra=1",
					"JUCE_GLOBAL_MODULE_SETTINGS_INCLUDED=1",
					"JUCE_VST3_CAN_REPLACE_VST2=0",
					"JUCE_STRICT_REFCOUNTEDPOINTER=1",
					"JucePlugin_Build_VST=0",
					"JucePlugin_Build_VST3=0",
					"JucePlugin_Build_AU=1",
					"JucePlugin_Build_AUv3=0",
					"JucePlugin_Build_RTAS=0",
					"JucePlugin_Build_AAX=0",
					"JucePlugin_Build_Standalone=0",
					"JucePlugin_Build_Unity=0",
					"JucePlugin_Enable_IAA=0",
					"JucePlugin_Name=\\\"laserShotSynth\\\"",
					"JucePlugin_Desc=\\\"laserShotSynth\\\"",
					"JucePlugin_Manufacturer=\\\"yourcompany\\\"",
					"JucePlugin_ManufacturerWebsite=\\\"\\\"",
					"JucePlugin_ManufacturerEmail=\\\"\\\"",
					"JucePlugin_ManufacturerCode=0x4d616e75",
					"JucePlugin_PluginCode=0x57707636",
					"JucePlugin_IsSynth=1",
					"JucePlugin_WantsMidiInput=1",
					"JucePlugin_ProducesMidiOutput=0",
					"JucePlugin_IsMidiEffect=0",
					"JucePlugin_EditorRequiresKeyboardFocus=0",
					"JucePlugin_Version=1.0.0",
					"JucePlugin_VersionCode=0x10000",
					"JucePlugin_VersionString=\\\"1.0.0\\\"",
					"JucePlugin_VSTUniqueID=JucePlugin_PluginCode",
					"JucePlugin_VSTCategory=kPlugCategSynth",
					"JucePlugin_Vst3Category=\\\"Instrument|Synth\\\"",
					"JucePlugin_AUMainType='aumu'",
					"JucePlugin_AUSubType=JucePlugin_PluginCode",
					"JucePlugin_AUExportPrefix=laserShotSynthAU",
					"JucePlugin_AUExportPrefixQuoted=\\\"laserShotSynthAU\\\"",
					"JucePlugin_AUManufacturerCode=JucePlugin_ManufacturerCode",
					"JucePlugin_CFBundleIdentifier=com.yourcompany.laserShotSynth",
					"JucePlugin_RTASCategory=2048",
					"JucePlugin_RTASManufacturerCode=JucePlugin_ManufacturerCode",
					"JucePlugin_RTASProductId=JucePlugin_PluginCode",
					"JucePlugin_RTASDisableBypass=0",
					"JucePlugin_RTASDisableMultiMono=0",
					"JucePlugin_AAXIdentifier=com.yourcompany.laserShotSynth",
					"JucePlugin_AAXManufacturerCode=JucePlugin_ManufacturerCode",
					"JucePlugin_AAXProductId=JucePlugin_PluginCode",
					"JucePlugin_AAXCategory=2048",
					"JucePlugin_AAXDisableBypass=0",
					"JucePlugin_AAXDisableMultiMono=0",
					"JucePlugin_IAAType=0x61757269",
					"JucePlugin_IAASubType=JucePlugin_PluginCode",
					"JucePlugin_IAAName=\\\"yourcompany:\\ laserShotSynth\\\"",
					"JucePlugin_VSTNumMidiInputs=16",
					"JucePlugin_VSTNumMidiOutputs=16",
					"JUCE_STANDALONE_APPLICATION=JucePlugin_Build_Standalone",
					"JUCER_XCODE_MAC_F6D2F4CF=1",
					"JUCE_APP_VERSION=1.0.0",
					"JUCE_APP_VERSION_HEX=0x10000",
				);
				GCC_VERSION = com.apple.compilers.llvm.clang.1_0;
				GENERATE_PKGINFO_FILE = YES;
				HEADER_SEARCH_PATHS = (
					"$(HOME)/JUCE/modules/juce_audio_processors/format_types/VST3_SDK",
					"$(SRCROOT)/../../JuceLibraryCode",
					"$(HOME)/JUCE/modules",
					"$(HOME)/JUCE/modules/juce_audio_plugin_client",
					"$(inherited)",
				);
				INFOPLIST_FILE = "Info-AU.plist";
				INFOPLIST_PREPROCESS = NO;
				INSTALL_PATH = "$(HOME)/Library/Audio/Plug-Ins/Components/";
				LIBRARY_STYLE = Bundle;
				MACOSX_DEPLOYMENT_TARGET = 10.11;
				MTL_HEADER_SEARCH_PATHS = "$(HOME)/JUCE/modules/juce_audio_processors/format_types/VST3_SDK $(SRCROOT)/../../JuceLibraryCode $(HOME)/JUCE/modules $(HOME)/JUCE/modules/juce_audio_plugin_client";
				OTHER_LDFLAGS = (
					"-bundle",
					"-llaserShotSynth",
				);
				OTHER_REZFLAGS = "-d ppc_$ppc -d i386_$i386 -d ppc64_$ppc64 -d x86_64_$x86_64 -d arm64_$arm64 -I /System/Library/Frameworks/CoreServices.framework/Frameworks/CarbonCore.framework/Versions/A/Headers -I \"$(DEVELOPER_DIR)/Extras/CoreAudio/AudioUnits/AUPublic/AUBase\" -I \"$(DEVELOPER_DIR)/Platforms/MacOSX.platform/Developer/SDKs/MacOSX.sdk/System/Library/Frameworks/AudioUnit.framework/Headers\"";
				PRODUCT_BUNDLE_IDENTIFIER = com.yourcompany.laserShotSynth;
				PRODUCT_NAME = laserShotSynth;
				USE_HEADERMAP = NO;
				VALID_ARCHS = "i386 x86_64 arm64 arm64e";
				WRAPPER_EXTENSION = component;
			};
			name = Debug;
		};
		DF21A55652A327954FB9FEB2 /* Release */ = {
			isa = XCBuildConfiguration;
			buildSettings = {
				ALWAYS_SEARCH_USER_PATHS = NO;
				CLANG_ENABLE_OBJC_WEAK = YES;
				CLANG_WARN_BLOCK_CAPTURE_AUTORELEASING = YES;
				CLANG_WARN_BOOL_CONVERSION = YES;
				CLANG_WARN_COMMA = YES;
				CLANG_WARN_CONSTANT_CONVERSION = YES;
				CLANG_WARN_DEPRECATED_OBJC_IMPLEMENTATIONS = YES;
				CLANG_WARN_EMPTY_BODY = YES;
				CLANG_WARN_ENUM_CONVERSION = YES;
				CLANG_WARN_INFINITE_RECURSION = YES;
				CLANG_WARN_INT_CONVERSION = YES;
				CLANG_WARN_NON_LITERAL_NULL_CONVERSION = YES;
				CLANG_WARN_OBJC_IMPLICIT_RETAIN_SELF = YES;
				CLANG_WARN_OBJC_LITERAL_CONVERSION = YES;
				CLANG_WARN_RANGE_LOOP_ANALYSIS = YES;
				CLANG_WARN_STRICT_PROTOTYPES = YES;
				CLANG_WARN_SUSPICIOUS_MOVE = YES;
				CLANG_WARN_UNREACHABLE_CODE = YES;
				CLANG_WARN__DUPLICATE_METHOD_MATCH = YES;
				CODE_SIGN_IDENTITY = "";
				DEBUG_INFORMATION_FORMAT = dwarf;
				ENABLE_STRICT_OBJC_MSGSEND = YES;
				ENABLE_TESTABILITY = NO;
				GCC_C_LANGUAGE_STANDARD = c11;
				GCC_INLINES_ARE_PRIVATE_EXTERN = YES;
				GCC_MODEL_TUNING = G5;
				GCC_NO_COMMON_BLOCKS = YES;
				GCC_SYMBOLS_PRIVATE_EXTERN = YES;
				GCC_WARN_64_TO_32_BIT_CONVERSION = YES;
				GCC_WARN_ABOUT_RETURN_TYPE = YES;
				GCC_WARN_CHECK_SWITCH_STATEMENTS = YES;
				GCC_WARN_MISSING_PARENTHESES = YES;
				GCC_WARN_NON_VIRTUAL_DESTRUCTOR = YES;
				GCC_WARN_TYPECHECK_CALLS_TO_PRINTF = YES;
				GCC_WARN_UNDECLARED_SELECTOR = YES;
				GCC_WARN_UNINITIALIZED_AUTOS = YES;
				GCC_WARN_UNUSED_FUNCTION = YES;
				GCC_WARN_UNUSED_VARIABLE = YES;
				PRODUCT_NAME = laserShotSynth;
				SDKROOT = macosx;
				WARNING_CFLAGS = "-Wreorder";
				ZERO_LINK = NO;
			};
			name = Release;
		};
		E4A8D3E0CE3F3ACF830145DD /* Release */ = {
			isa = XCBuildConfiguration;
			buildSettings = {
				CLANG_CXX_LANGUAGE_STANDARD = "c++14";
				CLANG_CXX_LIBRARY = "libc++";
				CLANG_LINK_OBJC_RUNTIME = NO;
				CODE_SIGN_IDENTITY = "";
				COMBINE_HIDPI_IMAGES = YES;
				CONFIGURATION_BUILD_DIR = "$(PROJECT_DIR)/build/$(CONFIGURATION)";
				DEAD_CODE_STRIPPING = YES;
				GCC_GENERATE_DEBUGGING_SYMBOLS = NO;
				GCC_OPTIMIZATION_LEVEL = 3;
				GCC_PREPROCESSOR_DEFINITIONS = (
					"_NDEBUG=1",
					"NDEBUG=1",
					"JUCE_DISPLAY_SPLASH_SCREEN=1",
					"JUCE_USE_DARK_SPLASH_SCREEN=1",
					"JUCE_PROJUCER_VERSION=0x60101",
					"JUCE_MODULE_AVAILABLE_juce_audio_basics=1",
					"JUCE_MODULE_AVAILABLE_juce_audio_devices=1",
					"JUCE_MODULE_AVAILABLE_juce_audio_formats=1",
					"JUCE_MODULE_AVAILABLE_juce_audio_plugin_client=1",
					"JUCE_MODULE_AVAILABLE_juce_audio_processors=1",
					"JUCE_MODULE_AVAILABLE_juce_audio_utils=1",
					"JUCE_MODULE_AVAILABLE_juce_core=1",
					"JUCE_MODULE_AVAILABLE_juce_data_structures=1",
					"JUCE_MODULE_AVAILABLE_juce_dsp=1",
					"JUCE_MODULE_AVAILABLE_juce_events=1",
					"JUCE_MODULE_AVAILABLE_juce_graphics=1",
					"JUCE_MODULE_AVAILABLE_juce_gui_basics=1",
					"JUCE_MODULE_AVAILABLE_juce_gui_extra=1",
					"JUCE_GLOBAL_MODULE_SETTINGS_INCLUDED=1",
					"JUCE_VST3_CAN_REPLACE_VST2=0",
					"JUCE_STRICT_REFCOUNTEDPOINTER=1",
					"JucePlugin_Build_VST=0",
					"JucePlugin_Build_VST3=1",
					"JucePlugin_Build_AU=1",
					"JucePlugin_Build_AUv3=0",
					"JucePlugin_Build_RTAS=0",
					"JucePlugin_Build_AAX=0",
					"JucePlugin_Build_Standalone=1",
					"JucePlugin_Build_Unity=0",
					"JucePlugin_Enable_IAA=0",
					"JucePlugin_Name=\\\"laserShotSynth\\\"",
					"JucePlugin_Desc=\\\"laserShotSynth\\\"",
					"JucePlugin_Manufacturer=\\\"yourcompany\\\"",
					"JucePlugin_ManufacturerWebsite=\\\"\\\"",
					"JucePlugin_ManufacturerEmail=\\\"\\\"",
					"JucePlugin_ManufacturerCode=0x4d616e75",
					"JucePlugin_PluginCode=0x57707636",
					"JucePlugin_IsSynth=1",
					"JucePlugin_WantsMidiInput=1",
					"JucePlugin_ProducesMidiOutput=0",
					"JucePlugin_IsMidiEffect=0",
					"JucePlugin_EditorRequiresKeyboardFocus=0",
					"JucePlugin_Version=1.0.0",
					"JucePlugin_VersionCode=0x10000",
					"JucePlugin_VersionString=\\\"1.0.0\\\"",
					"JucePlugin_VSTUniqueID=JucePlugin_PluginCode",
					"JucePlugin_VSTCategory=kPlugCategSynth",
					"JucePlugin_Vst3Category=\\\"Instrument|Synth\\\"",
					"JucePlugin_AUMainType='aumu'",
					"JucePlugin_AUSubType=JucePlugin_PluginCode",
					"JucePlugin_AUExportPrefix=laserShotSynthAU",
					"JucePlugin_AUExportPrefixQuoted=\\\"laserShotSynthAU\\\"",
					"JucePlugin_AUManufacturerCode=JucePlugin_ManufacturerCode",
					"JucePlugin_CFBundleIdentifier=com.yourcompany.laserShotSynth",
					"JucePlugin_RTASCategory=2048",
					"JucePlugin_RTASManufacturerCode=JucePlugin_ManufacturerCode",
					"JucePlugin_RTASProductId=JucePlugin_PluginCode",
					"JucePlugin_RTASDisableBypass=0",
					"JucePlugin_RTASDisableMultiMono=0",
					"JucePlugin_AAXIdentifier=com.yourcompany.laserShotSynth",
					"JucePlugin_AAXManufacturerCode=JucePlugin_ManufacturerCode",
					"JucePlugin_AAXProductId=JucePlugin_PluginCode",
					"JucePlugin_AAXCategory=2048",
					"JucePlugin_AAXDisableBypass=0",
					"JucePlugin_AAXDisableMultiMono=0",
					"JucePlugin_IAAType=0x61757269",
					"JucePlugin_IAASubType=JucePlugin_PluginCode",
					"JucePlugin_IAAName=\\\"yourcompany:\\ laserShotSynth\\\"",
					"JucePlugin_VSTNumMidiInputs=16",
					"JucePlugin_VSTNumMidiOutputs=16",
					"JUCE_STANDALONE_APPLICATION=JucePlugin_Build_Standalone",
					"JUCER_XCODE_MAC_F6D2F4CF=1",
					"JUCE_APP_VERSION=1.0.0",
					"JUCE_APP_VERSION_HEX=0x10000",
					"JUCE_SHARED_CODE=1",
				);
				GCC_VERSION = com.apple.compilers.llvm.clang.1_0;
				HEADER_SEARCH_PATHS = (
					"$(HOME)/JUCE/modules/juce_audio_processors/format_types/VST3_SDK",
					"$(SRCROOT)/../../JuceLibraryCode",
					"$(HOME)/JUCE/modules",
					"$(HOME)/JUCE/modules/juce_audio_plugin_client",
					"$(inherited)",
				);
				INSTALL_PATH = "@executable_path/../Frameworks";
				LLVM_LTO = YES;
				MACOSX_DEPLOYMENT_TARGET = 10.11;
				MTL_HEADER_SEARCH_PATHS = "$(HOME)/JUCE/modules/juce_audio_processors/format_types/VST3_SDK $(SRCROOT)/../../JuceLibraryCode $(HOME)/JUCE/modules $(HOME)/JUCE/modules/juce_audio_plugin_client";
				PRODUCT_BUNDLE_IDENTIFIER = com.yourcompany.laserShotSynth;
				PRODUCT_NAME = laserShotSynth;
				SKIP_INSTALL = YES;
				USE_HEADERMAP = NO;
				VALID_ARCHS = "i386 x86_64 arm64 arm64e";
			};
			name = Release;
		};
		EDEF1750BE7EFC4AF14C400F /* Debug */ = {
			isa = XCBuildConfiguration;
			buildSettings = {
				ALWAYS_SEARCH_USER_PATHS = NO;
				CLANG_ENABLE_OBJC_WEAK = YES;
				CLANG_WARN_BLOCK_CAPTURE_AUTORELEASING = YES;
				CLANG_WARN_BOOL_CONVERSION = YES;
				CLANG_WARN_COMMA = YES;
				CLANG_WARN_CONSTANT_CONVERSION = YES;
				CLANG_WARN_DEPRECATED_OBJC_IMPLEMENTATIONS = YES;
				CLANG_WARN_EMPTY_BODY = YES;
				CLANG_WARN_ENUM_CONVERSION = YES;
				CLANG_WARN_INFINITE_RECURSION = YES;
				CLANG_WARN_INT_CONVERSION = YES;
				CLANG_WARN_NON_LITERAL_NULL_CONVERSION = YES;
				CLANG_WARN_OBJC_IMPLICIT_RETAIN_SELF = YES;
				CLANG_WARN_OBJC_LITERAL_CONVERSION = YES;
				CLANG_WARN_RANGE_LOOP_ANALYSIS = YES;
				CLANG_WARN_STRICT_PROTOTYPES = YES;
				CLANG_WARN_SUSPICIOUS_MOVE = YES;
				CLANG_WARN_UNREACHABLE_CODE = YES;
				CLANG_WARN__DUPLICATE_METHOD_MATCH = YES;
				CODE_SIGN_IDENTITY = "";
				DEBUG_INFORMATION_FORMAT = dwarf;
				ENABLE_STRICT_OBJC_MSGSEND = YES;
				ENABLE_TESTABILITY = NO;
				GCC_C_LANGUAGE_STANDARD = c11;
				GCC_INLINES_ARE_PRIVATE_EXTERN = YES;
				GCC_MODEL_TUNING = G5;
				GCC_NO_COMMON_BLOCKS = YES;
				GCC_SYMBOLS_PRIVATE_EXTERN = YES;
				GCC_WARN_64_TO_32_BIT_CONVERSION = YES;
				GCC_WARN_ABOUT_RETURN_TYPE = YES;
				GCC_WARN_CHECK_SWITCH_STATEMENTS = YES;
				GCC_WARN_MISSING_PARENTHESES = YES;
				GCC_WARN_NON_VIRTUAL_DESTRUCTOR = YES;
				GCC_WARN_TYPECHECK_CALLS_TO_PRINTF = YES;
				GCC_WARN_UNDECLARED_SELECTOR = YES;
				GCC_WARN_UNINITIALIZED_AUTOS = YES;
				GCC_WARN_UNUSED_FUNCTION = YES;
				GCC_WARN_UNUSED_VARIABLE = YES;
				ONLY_ACTIVE_ARCH = YES;
				PRODUCT_NAME = laserShotSynth;
				SDKROOT = macosx;
				WARNING_CFLAGS = "-Wreorder";
				ZERO_LINK = NO;
			};
			name = Debug;
		};
		F577A86D7722F9024A1DA0C1 /* Debug */ = {
			isa = XCBuildConfiguration;
			buildSettings = {
				CLANG_CXX_LANGUAGE_STANDARD = "c++14";
				CLANG_CXX_LIBRARY = "libc++";
				CLANG_LINK_OBJC_RUNTIME = NO;
				CODE_SIGN_IDENTITY = "";
				COMBINE_HIDPI_IMAGES = YES;
				CONFIGURATION_BUILD_DIR = "$(PROJECT_DIR)/build/$(CONFIGURATION)";
				COPY_PHASE_STRIP = NO;
				GCC_DYNAMIC_NO_PIC = NO;
				GCC_OPTIMIZATION_LEVEL = 0;
				GCC_PREPROCESSOR_DEFINITIONS = (
					"_DEBUG=1",
					"DEBUG=1",
					"JUCE_DISPLAY_SPLASH_SCREEN=1",
					"JUCE_USE_DARK_SPLASH_SCREEN=1",
					"JUCE_PROJUCER_VERSION=0x60101",
					"JUCE_MODULE_AVAILABLE_juce_audio_basics=1",
					"JUCE_MODULE_AVAILABLE_juce_audio_devices=1",
					"JUCE_MODULE_AVAILABLE_juce_audio_formats=1",
					"JUCE_MODULE_AVAILABLE_juce_audio_plugin_client=1",
					"JUCE_MODULE_AVAILABLE_juce_audio_processors=1",
					"JUCE_MODULE_AVAILABLE_juce_audio_utils=1",
					"JUCE_MODULE_AVAILABLE_juce_core=1",
					"JUCE_MODULE_AVAILABLE_juce_data_structures=1",
					"JUCE_MODULE_AVAILABLE_juce_dsp=1",
					"JUCE_MODULE_AVAILABLE_juce_events=1",
					"JUCE_MODULE_AVAILABLE_juce_graphics=1",
					"JUCE_MODULE_AVAILABLE_juce_gui_basics=1",
					"JUCE_MODULE_AVAILABLE_juce_gui_extra=1",
					"JUCE_GLOBAL_MODULE_SETTINGS_INCLUDED=1",
					"JUCE_VST3_CAN_REPLACE_VST2=0",
					"JUCE_STRICT_REFCOUNTEDPOINTER=1",
					"JucePlugin_Build_VST=0",
					"JucePlugin_Build_VST3=1",
					"JucePlugin_Build_AU=1",
					"JucePlugin_Build_AUv3=0",
					"JucePlugin_Build_RTAS=0",
					"JucePlugin_Build_AAX=0",
					"JucePlugin_Build_Standalone=1",
					"JucePlugin_Build_Unity=0",
					"JucePlugin_Enable_IAA=0",
					"JucePlugin_Name=\\\"laserShotSynth\\\"",
					"JucePlugin_Desc=\\\"laserShotSynth\\\"",
					"JucePlugin_Manufacturer=\\\"yourcompany\\\"",
					"JucePlugin_ManufacturerWebsite=\\\"\\\"",
					"JucePlugin_ManufacturerEmail=\\\"\\\"",
					"JucePlugin_ManufacturerCode=0x4d616e75",
					"JucePlugin_PluginCode=0x57707636",
					"JucePlugin_IsSynth=1",
					"JucePlugin_WantsMidiInput=1",
					"JucePlugin_ProducesMidiOutput=0",
					"JucePlugin_IsMidiEffect=0",
					"JucePlugin_EditorRequiresKeyboardFocus=0",
					"JucePlugin_Version=1.0.0",
					"JucePlugin_VersionCode=0x10000",
					"JucePlugin_VersionString=\\\"1.0.0\\\"",
					"JucePlugin_VSTUniqueID=JucePlugin_PluginCode",
					"JucePlugin_VSTCategory=kPlugCategSynth",
					"JucePlugin_Vst3Category=\\\"Instrument|Synth\\\"",
					"JucePlugin_AUMainType='aumu'",
					"JucePlugin_AUSubType=JucePlugin_PluginCode",
					"JucePlugin_AUExportPrefix=laserShotSynthAU",
					"JucePlugin_AUExportPrefixQuoted=\\\"laserShotSynthAU\\\"",
					"JucePlugin_AUManufacturerCode=JucePlugin_ManufacturerCode",
					"JucePlugin_CFBundleIdentifier=com.yourcompany.laserShotSynth",
					"JucePlugin_RTASCategory=2048",
					"JucePlugin_RTASManufacturerCode=JucePlugin_ManufacturerCode",
					"JucePlugin_RTASProductId=JucePlugin_PluginCode",
					"JucePlugin_RTASDisableBypass=0",
					"JucePlugin_RTASDisableMultiMono=0",
					"JucePlugin_AAXIdentifier=com.yourcompany.laserShotSynth",
					"JucePlugin_AAXManufacturerCode=JucePlugin_ManufacturerCode",
					"JucePlugin_AAXProductId=JucePlugin_PluginCode",
					"JucePlugin_AAXCategory=2048",
					"JucePlugin_AAXDisableBypass=0",
					"JucePlugin_AAXDisableMultiMono=0",
					"JucePlugin_IAAType=0x61757269",
					"JucePlugin_IAASubType=JucePlugin_PluginCode",
					"JucePlugin_IAAName=\\\"yourcompany:\\ laserShotSynth\\\"",
					"JucePlugin_VSTNumMidiInputs=16",
					"JucePlugin_VSTNumMidiOutputs=16",
					"JUCE_STANDALONE_APPLICATION=JucePlugin_Build_Standalone",
					"JUCER_XCODE_MAC_F6D2F4CF=1",
					"JUCE_APP_VERSION=1.0.0",
					"JUCE_APP_VERSION_HEX=0x10000",
					"JUCE_SHARED_CODE=1",
				);
				GCC_VERSION = com.apple.compilers.llvm.clang.1_0;
				HEADER_SEARCH_PATHS = (
					"$(HOME)/JUCE/modules/juce_audio_processors/format_types/VST3_SDK",
					"$(SRCROOT)/../../JuceLibraryCode",
					"$(HOME)/JUCE/modules",
					"$(HOME)/JUCE/modules/juce_audio_plugin_client",
					"$(inherited)",
				);
				INSTALL_PATH = "@executable_path/../Frameworks";
				MACOSX_DEPLOYMENT_TARGET = 10.11;
				MTL_HEADER_SEARCH_PATHS = "$(HOME)/JUCE/modules/juce_audio_processors/format_types/VST3_SDK $(SRCROOT)/../../JuceLibraryCode $(HOME)/JUCE/modules $(HOME)/JUCE/modules/juce_audio_plugin_client";
				PRODUCT_BUNDLE_IDENTIFIER = com.yourcompany.laserShotSynth;
				PRODUCT_NAME = laserShotSynth;
				SKIP_INSTALL = YES;
				USE_HEADERMAP = NO;
				VALID_ARCHS = "i386 x86_64 arm64 arm64e";
			};
			name = Debug;
		};
/* End XCBuildConfiguration section */

/* Begin XCConfigurationList section */
		05EA59D78F5A0E4B4C2D404E /* Build configuration list for PBXProject "laserShotSynth" */ = {
			isa = XCConfigurationList;
			buildConfigurations = (
				DF21A55652A327954FB9FEB2 /* Release */,
				EDEF1750BE7EFC4AF14C400F /* Debug */,
			);
			defaultConfigurationIsVisible = 0;
			defaultConfigurationName = Debug;
		};
		343DED8003FA1430D593202C /* Build configuration list for PBXAggregateTarget "laserShotSynth - All" */ = {
			isa = XCConfigurationList;
			buildConfigurations = (
				6306408A4B844437AAC87990 /* Debug */,
				BA5614A9548CCD685DDD95E9 /* Release */,
			);
			defaultConfigurationIsVisible = 0;
			defaultConfigurationName = Debug;
		};
		76444DEB66D3AFF0E79AA810 /* Build configuration list for PBXNativeTarget "laserShotSynth - Shared Code" */ = {
			isa = XCConfigurationList;
			buildConfigurations = (
				F577A86D7722F9024A1DA0C1 /* Debug */,
				E4A8D3E0CE3F3ACF830145DD /* Release */,
			);
			defaultConfigurationIsVisible = 0;
			defaultConfigurationName = Debug;
		};
		8D8AEF89FC97B60CD3C6AF36 /* Build configuration list for PBXNativeTarget "laserShotSynth - Standalone Plugin" */ = {
			isa = XCConfigurationList;
			buildConfigurations = (
				266668AB800A2B928BCAA5ED /* Debug */,
				618758EDB4DDFD3C5D8D7F42 /* Release */,
			);
			defaultConfigurationIsVisible = 0;
			defaultConfigurationName = Debug;
		};
		A204515FEA065F74B156351A /* Build configuration list for PBXNativeTarget "laserShotSynth - AU" */ = {
			isa = XCConfigurationList;
			buildConfigurations = (
				DD00B39EFEFC1EDF0D5AF2EC /* Debug */,
				88B338ADB9E0483085F6A701 /* Release */,
			);
			defaultConfigurationIsVisible = 0;
			defaultConfigurationName = Debug;
		};
		F13DD8382719E275B1ACE66E /* Build configuration list for PBXNativeTarget "laserShotSynth - VST3" */ = {
			isa = XCConfigurationList;
			buildConfigurations = (
				A893BAA84E7668D55C9F9058 /* Debug */,
				99BF3F6DBD09DCA97BB0E65A /* Release */,
			);
			defaultConfigurationIsVisible = 0;
			defaultConfigurationName = Debug;
		};
/* End XCConfigurationList section */
	};
	rootObject = C54D70BF226C45C8F25DB7EA /* Project object */;
}
